<?xml version="1.0" encoding="UTF-8"?>
<Scheme
   version = "1.3">
   <BuildAction>
      <BuildActionEntries>
         <BuildActionEntry
            buildForRunning = "YES">
            <BuildableReference
               BuildableIdentifier = "primary"
               BlueprintIdentifier = "8171F0602B5C81F4005B8F6A"
               BuildableName = "HKBusETA Phone App.app"
               BlueprintName = "HKBusETA Phone App"
               ReferencedContainer = "container:iOSApp.xcodeproj">
            </BuildableReference>
         </BuildActionEntry>
      </BuildActionEntries>
   </BuildAction>
   <LaunchAction
      useCustomWorkingDirectory = "NO"
      buildConfiguration = "Debug"
      allowLocationSimulation = "YES">
      <BuildableProductRunnable>
         <BuildableReference
            BuildableIdentifier = "primary"
            BlueprintIdentifier = "8171F0602B5C81F4005B8F6A"
            BuildableName = "HKBusETA Phone App.app"
            BlueprintName = "HKBusETA Phone App"
            ReferencedContainer = "container:iOSApp.xcodeproj">
         </BuildableReference>
      </BuildableProductRunnable>
   </LaunchAction>
</Scheme>
