<?xml version="1.0" encoding="UTF-8"?>
<Scheme
   version = "1.3"
   wasCreatedForAppExtension = "YES">
   <BuildAction>
      <BuildActionEntries>
         <BuildActionEntry
            buildForRunning = "YES">
            <BuildableReference
               BuildableIdentifier = "primary"
               BlueprintIdentifier = "8171F07F2B5D4F11005B8F6A"
               BuildableName = "ShareExtension.appex"
               BlueprintName = "ShareExtension"
               ReferencedContainer = "container:iOSApp.xcodeproj">
            </BuildableReference>
         </BuildActionEntry>
         <BuildActionEntry
            buildForRunning = "YES">
            <BuildableReference
               BuildableIdentifier = "primary"
               BlueprintIdentifier = "8171F0602B5C81F4005B8F6A"
               BuildableName = "HKBusETA Phone App.app"
               BlueprintName = "HKBusETA Phone App"
               ReferencedContainer = "container:iOSApp.xcodeproj">
            </BuildableReference>
         </BuildActionEntry>
      </BuildActionEntries>
   </BuildAction>
   <LaunchAction
      useCustomWorkingDirectory = "NO"
      buildConfiguration = "Debug"
      allowLocationSimulation = "YES"
      launchAutomaticallySubstyle = "2">
   </LaunchAction>
</Scheme>
