{
  "pins" : [
    {
      "identity" : "gzipswift",
      "kind" : "remoteSourceControl",
      "location" : "https://github.com/1024jp/GzipSwift",
      "state" : {
        "revision" : "731037f6cc2be2ec01562f6597c1d0aa3fe6fd05",
        "version" : "6.0.1"
      }
    },
    {
      "identity" : "kmp-nativecoroutines",
      "kind" : "remoteSourceControl",
      "location" : "https://github.com/rickclephas/KMP-NativeCoroutines.git",
      "state" : {
        "branch" : "master",
        "revision" : "60135589d4303f1cfe7debbde29565d86f43bc6b"
      }
    },
    {
      "identity" : "rxswift",
      "kind" : "remoteSourceControl",
      "location" : "https://github.com/ReactiveX/RxSwift.git",
      "state" : {
        "revision" : "9dcaa4b333db437b0fbfaf453fad29069044a8b4",
        "version" : "6.6.0"
      }
    }
  ],
  "version" : 2
}
