// !$*UTF8*$!
{
	archiveVersion = 1;
	classes = {
	};
	objectVersion = 60;
	objects = {

/* Begin PBXBuildFile section */
		811143C32BD582C2004E9DDD /* MathUtils.swift in Sources */ = {isa = PBXBuildFile; fileRef = 811143C02BD582C2004E9DDD /* MathUtils.swift */; };
		811143C52BD582C2004E9DDD /* ColorUtils.swift in Sources */ = {isa = PBXBuildFile; fileRef = 811143C12BD582C2004E9DDD /* ColorUtils.swift */; };
		811F95D42B78DEF300FC30D6 /* Gzip in Frameworks */ = {isa = PBXBuildFile; productRef = 811F95D32B78DEF300FC30D6 /* Gzip */; };
		811F95D62B79187400FC30D6 /* GoogleService-Info.plist in Resources */ = {isa = PBXBuildFile; fileRef = 811F95D52B79187400FC30D6 /* GoogleService-Info.plist */; };
		811F95D82B7918B700FC30D6 /* FirebaseAnalytics in Frameworks */ = {isa = PBXBuildFile; productRef = 811F95D72B7918B700FC30D6 /* FirebaseAnalytics */; };
		814374762B6AAB8D007C823A /* ComposeView.swift in Sources */ = {isa = PBXBuildFile; fileRef = 814374752B6AAB8D007C823A /* ComposeView.swift */; };
		81498D002B7B0BE4005F0961 /* InfoPlist.strings in Resources */ = {isa = PBXBuildFile; fileRef = 81498CF82B7B088A005F0961 /* InfoPlist.strings */; };
		81498D062B7C336E005F0961 /* StateFlowObservable.swift in Sources */ = {isa = PBXBuildFile; fileRef = 81498D052B7C336E005F0961 /* StateFlowObservable.swift */; };
		81498D0C2B7EAD21005F0961 /* WidgetKit.framework in Frameworks */ = {isa = PBXBuildFile; fileRef = 818FD0162B44C403008EE8AB /* WidgetKit.framework */; };
		81498D0D2B7EAD21005F0961 /* SwiftUI.framework in Frameworks */ = {isa = PBXBuildFile; fileRef = 818FD0182B44C403008EE8AB /* SwiftUI.framework */; };
		81498D102B7EAD21005F0961 /* AlightReminderLiveActivityBundle.swift in Sources */ = {isa = PBXBuildFile; fileRef = 81498D0F2B7EAD21005F0961 /* AlightReminderLiveActivityBundle.swift */; };
		81498D122B7EAD21005F0961 /* AlightReminderLiveActivity.swift in Sources */ = {isa = PBXBuildFile; fileRef = 81498D112B7EAD21005F0961 /* AlightReminderLiveActivity.swift */; };
		81498D162B7EAD23005F0961 /* Assets.xcassets in Resources */ = {isa = PBXBuildFile; fileRef = 81498D152B7EAD23005F0961 /* Assets.xcassets */; };
		81498D1A2B7EAD23005F0961 /* AlightReminderLiveActivityExtension.appex in Embed Foundation Extensions */ = {isa = PBXBuildFile; fileRef = 81498D0B2B7EAD21005F0961 /* AlightReminderLiveActivityExtension.appex */; platformFilter = ios; settings = {ATTRIBUTES = (RemoveHeadersOnCopy, ); }; };
		81498D1F2B7F0EEA005F0961 /* AlightReminderView.swift in Sources */ = {isa = PBXBuildFile; fileRef = 81498D1E2B7F0EEA005F0961 /* AlightReminderView.swift */; };
		8171F01B2B52EC4E005B8F6A /* WidgetKit.framework in Frameworks */ = {isa = PBXBuildFile; fileRef = 818FD0162B44C403008EE8AB /* WidgetKit.framework */; };
		8171F01C2B52EC4E005B8F6A /* SwiftUI.framework in Frameworks */ = {isa = PBXBuildFile; fileRef = 818FD0182B44C403008EE8AB /* SwiftUI.framework */; };
		8171F01F2B52EC4E005B8F6A /* tileswidget.swift in Sources */ = {isa = PBXBuildFile; fileRef = 8171F01E2B52EC4E005B8F6A /* tileswidget.swift */; };
		8171F0232B52EC4F005B8F6A /* Assets.xcassets in Resources */ = {isa = PBXBuildFile; fileRef = 8171F0222B52EC4F005B8F6A /* Assets.xcassets */; };
		8171F0272B52EC4F005B8F6A /* TilesWidgetExtension.appex in Embed Foundation Extensions */ = {isa = PBXBuildFile; fileRef = 8171F01A2B52EC4E005B8F6A /* TilesWidgetExtension.appex */; settings = {ATTRIBUTES = (RemoveHeadersOnCopy, ); }; };
		8171F02D2B53155F005B8F6A /* EtaTileListView.swift in Sources */ = {isa = PBXBuildFile; fileRef = 8171F02C2B53155F005B8F6A /* EtaTileListView.swift */; };
		8171F02F2B531D5D005B8F6A /* EtaTileConfigurationView.swift in Sources */ = {isa = PBXBuildFile; fileRef = 8171F02E2B531D5D005B8F6A /* EtaTileConfigurationView.swift */; };
		8171F0312B53C732005B8F6A /* AppScreenView.swift in Sources */ = {isa = PBXBuildFile; fileRef = 8171F0302B53C732005B8F6A /* AppScreenView.swift */; };
		8171F0332B59E5D8005B8F6A /* FatalErrorView.swift in Sources */ = {isa = PBXBuildFile; fileRef = 8171F0322B59E5D8005B8F6A /* FatalErrorView.swift */; };
		8171F0662B5C81F4005B8F6A /* hkbusetaApp.swift in Sources */ = {isa = PBXBuildFile; fileRef = 8171F03A2B5BE982005B8F6A /* hkbusetaApp.swift */; };
		8171F0692B5C81F4005B8F6A /* Preview Assets.xcassets in Resources */ = {isa = PBXBuildFile; fileRef = 8171F0412B5BE983005B8F6A /* Preview Assets.xcassets */; };
		8171F06A2B5C81F4005B8F6A /* Assets.xcassets in Resources */ = {isa = PBXBuildFile; fileRef = 8171F03E2B5BE983005B8F6A /* Assets.xcassets */; };
		8171F06C2B5C81F4005B8F6A /* HKBusETA.app in Embed Watch Content */ = {isa = PBXBuildFile; fileRef = 81D16AB42B33C21E003D9817 /* HKBusETA.app */; settings = {ATTRIBUTES = (RemoveHeadersOnCopy, ); }; };
		8171F0832B5D4F11005B8F6A /* ShareViewController.swift in Sources */ = {isa = PBXBuildFile; fileRef = 8171F0822B5D4F11005B8F6A /* ShareViewController.swift */; };
		8171F08A2B5D4F11005B8F6A /* ShareExtension.appex in Embed Foundation Extensions */ = {isa = PBXBuildFile; fileRef = 8171F0802B5D4F11005B8F6A /* ShareExtension.appex */; platformFilter = ios; settings = {ATTRIBUTES = (RemoveHeadersOnCopy, ); }; };
		8171F0912B5D51C7005B8F6A /* ShareExtensionView.swift in Sources */ = {isa = PBXBuildFile; fileRef = 8171F0902B5D51C7005B8F6A /* ShareExtensionView.swift */; };
		81812AB32B48CA000060A30B /* FirebaseAnalytics in Frameworks */ = {isa = PBXBuildFile; productRef = 81812AB22B48CA000060A30B /* FirebaseAnalytics */; };
		81812AB52B48CA000060A30B /* FirebaseAnalyticsOnDeviceConversion in Frameworks */ = {isa = PBXBuildFile; productRef = 81812AB42B48CA000060A30B /* FirebaseAnalyticsOnDeviceConversion */; };
		81812AB72B48CA000060A30B /* FirebaseAnalyticsSwift in Frameworks */ = {isa = PBXBuildFile; productRef = 81812AB62B48CA000060A30B /* FirebaseAnalyticsSwift */; };
		81812AB92B48CA000060A30B /* FirebaseAnalyticsWithoutAdIdSupport in Frameworks */ = {isa = PBXBuildFile; productRef = 81812AB82B48CA000060A30B /* FirebaseAnalyticsWithoutAdIdSupport */; };
		81812ABB2B48CA000060A30B /* FirebaseAppCheck in Frameworks */ = {isa = PBXBuildFile; productRef = 81812ABA2B48CA000060A30B /* FirebaseAppCheck */; };
		81812AC12B48D0400060A30B /* GoogleService-Info.plist in Resources */ = {isa = PBXBuildFile; fileRef = 81812AC02B48D0400060A30B /* GoogleService-Info.plist */; };
		818FD02B2B45C917008EE8AB /* Gzip in Frameworks */ = {isa = PBXBuildFile; productRef = 818FD02A2B45C917008EE8AB /* Gzip */; };
		81AB3D882BFA923E00DB74C6 /* TrainRouteMapImage.swift in Sources */ = {isa = PBXBuildFile; fileRef = 81AB3D872BFA923E00DB74C6 /* TrainRouteMapImage.swift */; };
		81AB3D8A2BFA96BD00DB74C6 /* TrainRouteMapView.swift in Sources */ = {isa = PBXBuildFile; fileRef = 81AB3D892BFA96BC00DB74C6 /* TrainRouteMapView.swift */; };
		81AB3D8D2BFAB3EB00DB74C6 /* mtr_system_map.json in Resources */ = {isa = PBXBuildFile; fileRef = 81AB3D8B2BFAB3EB00DB74C6 /* mtr_system_map.json */; };
		81AB3D8E2BFAB3EB00DB74C6 /* light_rail_system_map.json in Resources */ = {isa = PBXBuildFile; fileRef = 81AB3D8C2BFAB3EB00DB74C6 /* light_rail_system_map.json */; };
		81CA25E72BCB2BA90081A5C5 /* SettingsView.swift in Sources */ = {isa = PBXBuildFile; fileRef = 81CA25E62BCB2BA90081A5C5 /* SettingsView.swift */; };
		81D16ABE2B33C21F003D9817 /* Assets.xcassets in Resources */ = {isa = PBXBuildFile; fileRef = 81D16ABD2B33C21F003D9817 /* Assets.xcassets */; };
		81D16AC12B33C21F003D9817 /* Preview Assets.xcassets in Resources */ = {isa = PBXBuildFile; fileRef = 81D16AC02B33C21F003D9817 /* Preview Assets.xcassets */; };
		81D16AF82B33E1D8003D9817 /* MainView.swift in Sources */ = {isa = PBXBuildFile; fileRef = 81D16AF72B33E1D8003D9817 /* MainView.swift */; };
		81D16B082B34C12C003D9817 /* Shared.swift in Sources */ = {isa = PBXBuildFile; fileRef = 81D16B072B34C12C003D9817 /* Shared.swift */; };
		81D16B0E2B34CFEC003D9817 /* TitleView.swift in Sources */ = {isa = PBXBuildFile; fileRef = 81D16B0D2B34CFA4003D9817 /* TitleView.swift */; };
		81D16B102B34D07A003D9817 /* SearchView.swift in Sources */ = {isa = PBXBuildFile; fileRef = 81D16B0F2B34D07A003D9817 /* SearchView.swift */; };
		81D16B122B34D44C003D9817 /* ColorUtils.swift in Sources */ = {isa = PBXBuildFile; fileRef = 81D16B112B34D44C003D9817 /* ColorUtils.swift */; };
		81D16B142B35109F003D9817 /* ListRoutesView.swift in Sources */ = {isa = PBXBuildFile; fileRef = 81D16B132B35109F003D9817 /* ListRoutesView.swift */; };
		81D16B192B360050003D9817 /* StringUtils.swift in Sources */ = {isa = PBXBuildFile; fileRef = 81D16B182B360050003D9817 /* StringUtils.swift */; };
		81D16B1B2B360AD8003D9817 /* MathUtils.swift in Sources */ = {isa = PBXBuildFile; fileRef = 81D16B1A2B360AD8003D9817 /* MathUtils.swift */; };
		81D16B1D2B36214F003D9817 /* ListStopsView.swift in Sources */ = {isa = PBXBuildFile; fileRef = 81D16B1C2B36214F003D9817 /* ListStopsView.swift */; };
		81D16B272B364071003D9817 /* MarqueeText.swift in Sources */ = {isa = PBXBuildFile; fileRef = 81D16B262B364071003D9817 /* MarqueeText.swift */; };
		81D16B292B36559B003D9817 /* EtaView.swift in Sources */ = {isa = PBXBuildFile; fileRef = 81D16B282B36559B003D9817 /* EtaView.swift */; };
		81D16B2F2B367178003D9817 /* DummyView.swift in Sources */ = {isa = PBXBuildFile; fileRef = 81D16B2E2B367178003D9817 /* DummyView.swift */; };
		81D16B332B36729B003D9817 /* hkbusetaApp.swift in Sources */ = {isa = PBXBuildFile; fileRef = 81D16B322B36729B003D9817 /* hkbusetaApp.swift */; };
		81D16B352B373E74003D9817 /* NearbyView.swift in Sources */ = {isa = PBXBuildFile; fileRef = 81D16B342B373E74003D9817 /* NearbyView.swift */; };
		81D16B372B374DBF003D9817 /* LocationManager.swift in Sources */ = {isa = PBXBuildFile; fileRef = 81D16B362B374DBF003D9817 /* LocationManager.swift */; };
		81D16B392B37738D003D9817 /* EtaMenuView.swift in Sources */ = {isa = PBXBuildFile; fileRef = 81D16B382B37738D003D9817 /* EtaMenuView.swift */; };
		81D16B3B2B379FC0003D9817 /* FavRouteListViewView.swift in Sources */ = {isa = PBXBuildFile; fileRef = 81D16B3A2B379FC0003D9817 /* FavRouteListViewView.swift */; };
		81D16B3F2B37A609003D9817 /* FavView.swift in Sources */ = {isa = PBXBuildFile; fileRef = 81D16B3E2B37A609003D9817 /* FavView.swift */; };
		81D16B432B3A32EE003D9817 /* WatchOSMTRRouteMapUtils.swift in Sources */ = {isa = PBXBuildFile; fileRef = 81D16B422B3A32EE003D9817 /* WatchOSMTRRouteMapUtils.swift */; };
		81DF85232BD157DA00248852 /* WidgetKit.framework in Frameworks */ = {isa = PBXBuildFile; fileRef = 818FD0162B44C403008EE8AB /* WidgetKit.framework */; };
		81DF85242BD157DA00248852 /* SwiftUI.framework in Frameworks */ = {isa = PBXBuildFile; fileRef = 818FD0182B44C403008EE8AB /* SwiftUI.framework */; };
		81DF85272BD157DA00248852 /* FavouriteRoutesWidgetExtensionBundle.swift in Sources */ = {isa = PBXBuildFile; fileRef = 81DF85262BD157DA00248852 /* FavouriteRoutesWidgetExtensionBundle.swift */; };
		81DF85292BD157DA00248852 /* FavouriteRoutesWidgetExtension.swift in Sources */ = {isa = PBXBuildFile; fileRef = 81DF85282BD157DA00248852 /* FavouriteRoutesWidgetExtension.swift */; };
		81DF852B2BD157DA00248852 /* AppIntent.swift in Sources */ = {isa = PBXBuildFile; fileRef = 81DF852A2BD157DA00248852 /* AppIntent.swift */; };
		81DF852D2BD157DB00248852 /* Assets.xcassets in Resources */ = {isa = PBXBuildFile; fileRef = 81DF852C2BD157DB00248852 /* Assets.xcassets */; };
		81DF85312BD157DB00248852 /* FavouriteRoutesWidgetExtensionExtension.appex in Embed Foundation Extensions */ = {isa = PBXBuildFile; fileRef = 81DF85222BD157DA00248852 /* FavouriteRoutesWidgetExtensionExtension.appex */; settings = {ATTRIBUTES = (RemoveHeadersOnCopy, ); }; };
		81DF85372BD15ADA00248852 /* RouteUtils.swift in Sources */ = {isa = PBXBuildFile; fileRef = 81DF85352BD15A8600248852 /* RouteUtils.swift */; };
		81DF853C2BD182E500248852 /* ColorUtils.swift in Sources */ = {isa = PBXBuildFile; fileRef = 81DF853B2BD182E500248852 /* ColorUtils.swift */; };
		81DF853D2BD182E500248852 /* MathUtils.swift in Sources */ = {isa = PBXBuildFile; fileRef = 81DF853A2BD182E500248852 /* MathUtils.swift */; };
		81DF85472BD1A24E00248852 /* Localizable.strings in Resources */ = {isa = PBXBuildFile; fileRef = 81DF85432BD18E4B00248852 /* Localizable.strings */; };
		81DF85482BD1A26600248852 /* InfoPlist.strings in Resources */ = {isa = PBXBuildFile; fileRef = 81498CF02B7B07B5005F0961 /* InfoPlist.strings */; };
		81F9F1782BCF25D600BCA6E2 /* ArrayUtils.swift in Sources */ = {isa = PBXBuildFile; fileRef = 81F9F1772BCF25D600BCA6E2 /* ArrayUtils.swift */; };
		81F9F17A2BCF39B200BCA6E2 /* ViewUtils.swift in Sources */ = {isa = PBXBuildFile; fileRef = 81F9F1792BCF39B200BCA6E2 /* ViewUtils.swift */; };
/* End PBXBuildFile section */

/* Begin PBXContainerItemProxy section */
		814890202BB3967C00E82FB8 /* PBXContainerItemProxy */ = {
			isa = PBXContainerItemProxy;
			containerPortal = 81D16AA82B33C21D003D9817 /* Project object */;
			proxyType = 1;
			remoteGlobalIDString = 81D16AB32B33C21E003D9817;
			remoteInfo = "HKBusETA Watch App";
		};
		81498D182B7EAD23005F0961 /* PBXContainerItemProxy */ = {
			isa = PBXContainerItemProxy;
			containerPortal = 81D16AA82B33C21D003D9817 /* Project object */;
			proxyType = 1;
			remoteGlobalIDString = 81498D0A2B7EAD21005F0961;
			remoteInfo = alightreminderliveactivityExtension;
		};
		8171F0252B52EC4F005B8F6A /* PBXContainerItemProxy */ = {
			isa = PBXContainerItemProxy;
			containerPortal = 81D16AA82B33C21D003D9817 /* Project object */;
			proxyType = 1;
			remoteGlobalIDString = 8171F0192B52EC4E005B8F6A;
			remoteInfo = tileswidgetExtension;
		};
		8171F0882B5D4F11005B8F6A /* PBXContainerItemProxy */ = {
			isa = PBXContainerItemProxy;
			containerPortal = 81D16AA82B33C21D003D9817 /* Project object */;
			proxyType = 1;
			remoteGlobalIDString = 8171F07F2B5D4F11005B8F6A;
			remoteInfo = shareextension;
		};
		81DF852F2BD157DB00248852 /* PBXContainerItemProxy */ = {
			isa = PBXContainerItemProxy;
			containerPortal = 81D16AA82B33C21D003D9817 /* Project object */;
			proxyType = 1;
			remoteGlobalIDString = 81DF85212BD157DA00248852;
			remoteInfo = FavouriteRoutesWidgetExtensionExtension;
		};
/* End PBXContainerItemProxy section */

/* Begin PBXCopyFilesBuildPhase section */
		8171F06B2B5C81F4005B8F6A /* Embed Watch Content */ = {
			isa = PBXCopyFilesBuildPhase;
			buildActionMask = 2147483647;
			dstPath = "$(CONTENTS_FOLDER_PATH)/Watch";
			dstSubfolderSpec = 16;
			files = (
				8171F06C2B5C81F4005B8F6A /* HKBusETA.app in Embed Watch Content */,
			);
			name = "Embed Watch Content";
			runOnlyForDeploymentPostprocessing = 0;
		};
		8171F06D2B5C81F4005B8F6A /* Embed Foundation Extensions */ = {
			isa = PBXCopyFilesBuildPhase;
			buildActionMask = 2147483647;
			dstPath = "";
			dstSubfolderSpec = 13;
			files = (
				81498D1A2B7EAD23005F0961 /* AlightReminderLiveActivityExtension.appex in Embed Foundation Extensions */,
				81DF85312BD157DB00248852 /* FavouriteRoutesWidgetExtensionExtension.appex in Embed Foundation Extensions */,
				8171F08A2B5D4F11005B8F6A /* ShareExtension.appex in Embed Foundation Extensions */,
			);
			name = "Embed Foundation Extensions";
			runOnlyForDeploymentPostprocessing = 0;
		};
		818FD0282B44C405008EE8AB /* Embed Foundation Extensions */ = {
			isa = PBXCopyFilesBuildPhase;
			buildActionMask = 2147483647;
			dstPath = "";
			dstSubfolderSpec = 13;
			files = (
				8171F0272B52EC4F005B8F6A /* TilesWidgetExtension.appex in Embed Foundation Extensions */,
			);
			name = "Embed Foundation Extensions";
			runOnlyForDeploymentPostprocessing = 0;
		};
/* End PBXCopyFilesBuildPhase section */

/* Begin PBXFileReference section */
		811143C02BD582C2004E9DDD /* MathUtils.swift */ = {isa = PBXFileReference; lastKnownFileType = sourcecode.swift; path = MathUtils.swift; sourceTree = "<group>"; };
		811143C12BD582C2004E9DDD /* ColorUtils.swift */ = {isa = PBXFileReference; lastKnownFileType = sourcecode.swift; path = ColorUtils.swift; sourceTree = "<group>"; };
		811F95D52B79187400FC30D6 /* GoogleService-Info.plist */ = {isa = PBXFileReference; fileEncoding = 4; lastKnownFileType = text.plist.xml; path = "GoogleService-Info.plist"; sourceTree = "<group>"; };
		814374752B6AAB8D007C823A /* ComposeView.swift */ = {isa = PBXFileReference; lastKnownFileType = sourcecode.swift; path = ComposeView.swift; sourceTree = "<group>"; };
		814687AB2B81141F00D105EC /* ShareExtension.entitlements */ = {isa = PBXFileReference; lastKnownFileType = text.plist.entitlements; name = ShareExtension.entitlements; path = ShareExtension/ShareExtension.entitlements; sourceTree = "<group>"; };
		814687AC2B81141F00D105EC /* AlightReminderLiveActivityExtension.entitlements */ = {isa = PBXFileReference; lastKnownFileType = text.plist.entitlements; path = AlightReminderLiveActivityExtension.entitlements; sourceTree = "<group>"; };
		81498CEF2B7B07B5005F0961 /* zh-HK */ = {isa = PBXFileReference; lastKnownFileType = text.plist.strings; name = "zh-HK"; path = "zh-HK.lproj/InfoPlist.strings"; sourceTree = "<group>"; };
		81498CF12B7B07BD005F0961 /* en */ = {isa = PBXFileReference; lastKnownFileType = text.plist.strings; name = en; path = en.lproj/InfoPlist.strings; sourceTree = "<group>"; };
		81498CF22B7B07BF005F0961 /* zh-Hans */ = {isa = PBXFileReference; lastKnownFileType = text.plist.strings; name = "zh-Hans"; path = "zh-Hans.lproj/InfoPlist.strings"; sourceTree = "<group>"; };
		81498CF32B7B07C0005F0961 /* zh-Hant */ = {isa = PBXFileReference; lastKnownFileType = text.plist.strings; name = "zh-Hant"; path = "zh-Hant.lproj/InfoPlist.strings"; sourceTree = "<group>"; };
		81498CF72B7B088A005F0961 /* en */ = {isa = PBXFileReference; lastKnownFileType = text.plist.strings; name = en; path = en.lproj/InfoPlist.strings; sourceTree = "<group>"; };
		81498CF92B7B088B005F0961 /* zh-HK */ = {isa = PBXFileReference; lastKnownFileType = text.plist.strings; name = "zh-HK"; path = "zh-HK.lproj/InfoPlist.strings"; sourceTree = "<group>"; };
		81498CFA2B7B088B005F0961 /* zh-Hans */ = {isa = PBXFileReference; lastKnownFileType = text.plist.strings; name = "zh-Hans"; path = "zh-Hans.lproj/InfoPlist.strings"; sourceTree = "<group>"; };
		81498CFB2B7B088C005F0961 /* zh-Hant */ = {isa = PBXFileReference; lastKnownFileType = text.plist.strings; name = "zh-Hant"; path = "zh-Hant.lproj/InfoPlist.strings"; sourceTree = "<group>"; };
		81498CFC2B7B0A8A005F0961 /* Info.plist */ = {isa = PBXFileReference; fileEncoding = 4; lastKnownFileType = text.plist.xml; path = Info.plist; sourceTree = "<group>"; };
		81498CFE2B7B0A9C005F0961 /* Info.plist */ = {isa = PBXFileReference; fileEncoding = 4; lastKnownFileType = text.plist.xml; path = Info.plist; sourceTree = "<group>"; };
		81498D052B7C336E005F0961 /* StateFlowObservable.swift */ = {isa = PBXFileReference; lastKnownFileType = sourcecode.swift; path = StateFlowObservable.swift; sourceTree = "<group>"; };
		81498D0B2B7EAD21005F0961 /* AlightReminderLiveActivityExtension.appex */ = {isa = PBXFileReference; explicitFileType = "wrapper.app-extension"; includeInIndex = 0; path = AlightReminderLiveActivityExtension.appex; sourceTree = BUILT_PRODUCTS_DIR; };
		81498D0F2B7EAD21005F0961 /* AlightReminderLiveActivityBundle.swift */ = {isa = PBXFileReference; lastKnownFileType = sourcecode.swift; path = AlightReminderLiveActivityBundle.swift; sourceTree = "<group>"; };
		81498D112B7EAD21005F0961 /* AlightReminderLiveActivity.swift */ = {isa = PBXFileReference; lastKnownFileType = sourcecode.swift; path = AlightReminderLiveActivity.swift; sourceTree = "<group>"; };
		81498D152B7EAD23005F0961 /* Assets.xcassets */ = {isa = PBXFileReference; lastKnownFileType = folder.assetcatalog; path = Assets.xcassets; sourceTree = "<group>"; };
		81498D172B7EAD23005F0961 /* Info.plist */ = {isa = PBXFileReference; lastKnownFileType = text.plist.xml; path = Info.plist; sourceTree = "<group>"; };
		81498D1E2B7F0EEA005F0961 /* AlightReminderView.swift */ = {isa = PBXFileReference; lastKnownFileType = sourcecode.swift; path = AlightReminderView.swift; sourceTree = "<group>"; };
		8171F01A2B52EC4E005B8F6A /* TilesWidgetExtension.appex */ = {isa = PBXFileReference; explicitFileType = "wrapper.app-extension"; includeInIndex = 0; path = TilesWidgetExtension.appex; sourceTree = BUILT_PRODUCTS_DIR; };
		8171F01E2B52EC4E005B8F6A /* tileswidget.swift */ = {isa = PBXFileReference; lastKnownFileType = sourcecode.swift; path = tileswidget.swift; sourceTree = "<group>"; };
		8171F0222B52EC4F005B8F6A /* Assets.xcassets */ = {isa = PBXFileReference; lastKnownFileType = folder.assetcatalog; path = Assets.xcassets; sourceTree = "<group>"; };
		8171F0242B52EC4F005B8F6A /* Info.plist */ = {isa = PBXFileReference; lastKnownFileType = text.plist.xml; path = Info.plist; sourceTree = "<group>"; };
		8171F02C2B53155F005B8F6A /* EtaTileListView.swift */ = {isa = PBXFileReference; lastKnownFileType = sourcecode.swift; path = EtaTileListView.swift; sourceTree = "<group>"; };
		8171F02E2B531D5D005B8F6A /* EtaTileConfigurationView.swift */ = {isa = PBXFileReference; lastKnownFileType = sourcecode.swift; path = EtaTileConfigurationView.swift; sourceTree = "<group>"; };
		8171F0302B53C732005B8F6A /* AppScreenView.swift */ = {isa = PBXFileReference; lastKnownFileType = sourcecode.swift; path = AppScreenView.swift; sourceTree = "<group>"; };
		8171F0322B59E5D8005B8F6A /* FatalErrorView.swift */ = {isa = PBXFileReference; lastKnownFileType = sourcecode.swift; path = FatalErrorView.swift; sourceTree = "<group>"; };
		8171F03A2B5BE982005B8F6A /* hkbusetaApp.swift */ = {isa = PBXFileReference; lastKnownFileType = sourcecode.swift; path = hkbusetaApp.swift; sourceTree = "<group>"; };
		8171F03E2B5BE983005B8F6A /* Assets.xcassets */ = {isa = PBXFileReference; lastKnownFileType = folder.assetcatalog; path = Assets.xcassets; sourceTree = "<group>"; };
		8171F0412B5BE983005B8F6A /* Preview Assets.xcassets */ = {isa = PBXFileReference; lastKnownFileType = folder.assetcatalog; path = "Preview Assets.xcassets"; sourceTree = "<group>"; };
		8171F04B2B5C403D005B8F6A /* hkbuseta.entitlements */ = {isa = PBXFileReference; lastKnownFileType = text.plist.entitlements; path = hkbuseta.entitlements; sourceTree = "<group>"; };
		8171F04C2B5C414E005B8F6A /* hkbuseta Watch App.entitlements */ = {isa = PBXFileReference; lastKnownFileType = text.plist.entitlements; path = "hkbuseta Watch App.entitlements"; sourceTree = "<group>"; };
		8171F0722B5C81F4005B8F6A /* HKBusETA Phone App.app */ = {isa = PBXFileReference; explicitFileType = wrapper.application; includeInIndex = 0; path = "HKBusETA Phone App.app"; sourceTree = BUILT_PRODUCTS_DIR; };
		8171F0802B5D4F11005B8F6A /* ShareExtension.appex */ = {isa = PBXFileReference; explicitFileType = "wrapper.app-extension"; includeInIndex = 0; path = ShareExtension.appex; sourceTree = BUILT_PRODUCTS_DIR; };
		8171F0822B5D4F11005B8F6A /* ShareViewController.swift */ = {isa = PBXFileReference; lastKnownFileType = sourcecode.swift; path = ShareViewController.swift; sourceTree = "<group>"; };
		8171F0872B5D4F11005B8F6A /* Info.plist */ = {isa = PBXFileReference; lastKnownFileType = text.plist.xml; path = Info.plist; sourceTree = "<group>"; };
		8171F0902B5D51C7005B8F6A /* ShareExtensionView.swift */ = {isa = PBXFileReference; lastKnownFileType = sourcecode.swift; path = ShareExtensionView.swift; sourceTree = "<group>"; };
		81812AC02B48D0400060A30B /* GoogleService-Info.plist */ = {isa = PBXFileReference; fileEncoding = 4; lastKnownFileType = text.plist.xml; path = "GoogleService-Info.plist"; sourceTree = "<group>"; };
		818FD0162B44C403008EE8AB /* WidgetKit.framework */ = {isa = PBXFileReference; lastKnownFileType = wrapper.framework; name = WidgetKit.framework; path = System/Library/Frameworks/WidgetKit.framework; sourceTree = SDKROOT; };
		818FD0182B44C403008EE8AB /* SwiftUI.framework */ = {isa = PBXFileReference; lastKnownFileType = wrapper.framework; name = SwiftUI.framework; path = System/Library/Frameworks/SwiftUI.framework; sourceTree = SDKROOT; };
		81AB3D872BFA923E00DB74C6 /* TrainRouteMapImage.swift */ = {isa = PBXFileReference; lastKnownFileType = sourcecode.swift; path = TrainRouteMapImage.swift; sourceTree = "<group>"; };
		81AB3D892BFA96BC00DB74C6 /* TrainRouteMapView.swift */ = {isa = PBXFileReference; lastKnownFileType = sourcecode.swift; path = TrainRouteMapView.swift; sourceTree = "<group>"; };
		81AB3D8B2BFAB3EB00DB74C6 /* mtr_system_map.json */ = {isa = PBXFileReference; fileEncoding = 4; lastKnownFileType = text.json; path = mtr_system_map.json; sourceTree = "<group>"; };
		81AB3D8C2BFAB3EB00DB74C6 /* light_rail_system_map.json */ = {isa = PBXFileReference; fileEncoding = 4; lastKnownFileType = text.json; path = light_rail_system_map.json; sourceTree = "<group>"; };
		81CA25E62BCB2BA90081A5C5 /* SettingsView.swift */ = {isa = PBXFileReference; lastKnownFileType = sourcecode.swift; path = SettingsView.swift; sourceTree = "<group>"; };
		81D16AB42B33C21E003D9817 /* HKBusETA.app */ = {isa = PBXFileReference; explicitFileType = wrapper.application; includeInIndex = 0; path = HKBusETA.app; sourceTree = BUILT_PRODUCTS_DIR; };
		81D16ABD2B33C21F003D9817 /* Assets.xcassets */ = {isa = PBXFileReference; lastKnownFileType = folder.assetcatalog; path = Assets.xcassets; sourceTree = "<group>"; };
		81D16AC02B33C21F003D9817 /* Preview Assets.xcassets */ = {isa = PBXFileReference; lastKnownFileType = folder.assetcatalog; path = "Preview Assets.xcassets"; sourceTree = "<group>"; };
		81D16AF72B33E1D8003D9817 /* MainView.swift */ = {isa = PBXFileReference; lastKnownFileType = sourcecode.swift; path = MainView.swift; sourceTree = "<group>"; };
		81D16B072B34C12C003D9817 /* Shared.swift */ = {isa = PBXFileReference; lastKnownFileType = sourcecode.swift; path = Shared.swift; sourceTree = "<group>"; };
		81D16B0D2B34CFA4003D9817 /* TitleView.swift */ = {isa = PBXFileReference; lastKnownFileType = sourcecode.swift; path = TitleView.swift; sourceTree = "<group>"; };
		81D16B0F2B34D07A003D9817 /* SearchView.swift */ = {isa = PBXFileReference; lastKnownFileType = sourcecode.swift; path = SearchView.swift; sourceTree = "<group>"; };
		81D16B112B34D44C003D9817 /* ColorUtils.swift */ = {isa = PBXFileReference; lastKnownFileType = sourcecode.swift; path = ColorUtils.swift; sourceTree = "<group>"; };
		81D16B132B35109F003D9817 /* ListRoutesView.swift */ = {isa = PBXFileReference; lastKnownFileType = sourcecode.swift; path = ListRoutesView.swift; sourceTree = "<group>"; };
		81D16B182B360050003D9817 /* StringUtils.swift */ = {isa = PBXFileReference; lastKnownFileType = sourcecode.swift; path = StringUtils.swift; sourceTree = "<group>"; };
		81D16B1A2B360AD8003D9817 /* MathUtils.swift */ = {isa = PBXFileReference; lastKnownFileType = sourcecode.swift; path = MathUtils.swift; sourceTree = "<group>"; };
		81D16B1C2B36214F003D9817 /* ListStopsView.swift */ = {isa = PBXFileReference; lastKnownFileType = sourcecode.swift; path = ListStopsView.swift; sourceTree = "<group>"; };
		81D16B262B364071003D9817 /* MarqueeText.swift */ = {isa = PBXFileReference; lastKnownFileType = sourcecode.swift; path = MarqueeText.swift; sourceTree = "<group>"; };
		81D16B282B36559B003D9817 /* EtaView.swift */ = {isa = PBXFileReference; lastKnownFileType = sourcecode.swift; path = EtaView.swift; sourceTree = "<group>"; };
		81D16B2E2B367178003D9817 /* DummyView.swift */ = {isa = PBXFileReference; lastKnownFileType = sourcecode.swift; path = DummyView.swift; sourceTree = "<group>"; };
		81D16B322B36729B003D9817 /* hkbusetaApp.swift */ = {isa = PBXFileReference; fileEncoding = 4; lastKnownFileType = sourcecode.swift; path = hkbusetaApp.swift; sourceTree = "<group>"; };
		81D16B342B373E74003D9817 /* NearbyView.swift */ = {isa = PBXFileReference; lastKnownFileType = sourcecode.swift; path = NearbyView.swift; sourceTree = "<group>"; };
		81D16B362B374DBF003D9817 /* LocationManager.swift */ = {isa = PBXFileReference; lastKnownFileType = sourcecode.swift; path = LocationManager.swift; sourceTree = "<group>"; };
		81D16B382B37738D003D9817 /* EtaMenuView.swift */ = {isa = PBXFileReference; lastKnownFileType = sourcecode.swift; path = EtaMenuView.swift; sourceTree = "<group>"; };
		81D16B3A2B379FC0003D9817 /* FavRouteListViewView.swift */ = {isa = PBXFileReference; lastKnownFileType = sourcecode.swift; path = FavRouteListViewView.swift; sourceTree = "<group>"; };
		81D16B3E2B37A609003D9817 /* FavView.swift */ = {isa = PBXFileReference; lastKnownFileType = sourcecode.swift; path = FavView.swift; sourceTree = "<group>"; };
		81D16B422B3A32EE003D9817 /* WatchOSMTRRouteMapUtils.swift */ = {isa = PBXFileReference; lastKnownFileType = sourcecode.swift; path = WatchOSMTRRouteMapUtils.swift; sourceTree = "<group>"; };
		81DF85222BD157DA00248852 /* FavouriteRoutesWidgetExtensionExtension.appex */ = {isa = PBXFileReference; explicitFileType = "wrapper.app-extension"; includeInIndex = 0; path = FavouriteRoutesWidgetExtensionExtension.appex; sourceTree = BUILT_PRODUCTS_DIR; };
		81DF85262BD157DA00248852 /* FavouriteRoutesWidgetExtensionBundle.swift */ = {isa = PBXFileReference; lastKnownFileType = sourcecode.swift; path = FavouriteRoutesWidgetExtensionBundle.swift; sourceTree = "<group>"; };
		81DF85282BD157DA00248852 /* FavouriteRoutesWidgetExtension.swift */ = {isa = PBXFileReference; lastKnownFileType = sourcecode.swift; path = FavouriteRoutesWidgetExtension.swift; sourceTree = "<group>"; };
		81DF852A2BD157DA00248852 /* AppIntent.swift */ = {isa = PBXFileReference; lastKnownFileType = sourcecode.swift; path = AppIntent.swift; sourceTree = "<group>"; };
		81DF852C2BD157DB00248852 /* Assets.xcassets */ = {isa = PBXFileReference; lastKnownFileType = folder.assetcatalog; path = Assets.xcassets; sourceTree = "<group>"; };
		81DF852E2BD157DB00248852 /* Info.plist */ = {isa = PBXFileReference; lastKnownFileType = text.plist.xml; path = Info.plist; sourceTree = "<group>"; };
		81DF85352BD15A8600248852 /* RouteUtils.swift */ = {isa = PBXFileReference; lastKnownFileType = sourcecode.swift; path = RouteUtils.swift; sourceTree = "<group>"; };
		81DF85382BD162D200248852 /* FavouriteRoutesWidgetExtensionExtension.entitlements */ = {isa = PBXFileReference; lastKnownFileType = text.plist.entitlements; path = FavouriteRoutesWidgetExtensionExtension.entitlements; sourceTree = "<group>"; };
		81DF853A2BD182E500248852 /* MathUtils.swift */ = {isa = PBXFileReference; lastKnownFileType = sourcecode.swift; path = MathUtils.swift; sourceTree = "<group>"; };
		81DF853B2BD182E500248852 /* ColorUtils.swift */ = {isa = PBXFileReference; lastKnownFileType = sourcecode.swift; path = ColorUtils.swift; sourceTree = "<group>"; };
		81DF85422BD18E4B00248852 /* zh-HK */ = {isa = PBXFileReference; lastKnownFileType = text.plist.strings; name = "zh-HK"; path = "zh-HK.lproj/Localizable.strings"; sourceTree = "<group>"; };
		81DF85442BD18E5200248852 /* zh-Hans */ = {isa = PBXFileReference; lastKnownFileType = text.plist.strings; name = "zh-Hans"; path = "zh-Hans.lproj/Localizable.strings"; sourceTree = "<group>"; };
		81DF85452BD18E5400248852 /* zh-Hant */ = {isa = PBXFileReference; lastKnownFileType = text.plist.strings; name = "zh-Hant"; path = "zh-Hant.lproj/Localizable.strings"; sourceTree = "<group>"; };
		81DF85462BD18E6300248852 /* en */ = {isa = PBXFileReference; lastKnownFileType = text.plist.strings; name = en; path = en.lproj/Localizable.strings; sourceTree = "<group>"; };
		81F9F1772BCF25D600BCA6E2 /* ArrayUtils.swift */ = {isa = PBXFileReference; lastKnownFileType = sourcecode.swift; path = ArrayUtils.swift; sourceTree = "<group>"; };
		81F9F1792BCF39B200BCA6E2 /* ViewUtils.swift */ = {isa = PBXFileReference; lastKnownFileType = sourcecode.swift; path = ViewUtils.swift; sourceTree = "<group>"; };
/* End PBXFileReference section */

/* Begin PBXFrameworksBuildPhase section */
		81498D082B7EAD21005F0961 /* Frameworks */ = {
			isa = PBXFrameworksBuildPhase;
			buildActionMask = 2147483647;
			files = (
				81498D0D2B7EAD21005F0961 /* SwiftUI.framework in Frameworks */,
				81498D0C2B7EAD21005F0961 /* WidgetKit.framework in Frameworks */,
			);
			runOnlyForDeploymentPostprocessing = 0;
		};
		8171F0172B52EC4E005B8F6A /* Frameworks */ = {
			isa = PBXFrameworksBuildPhase;
			buildActionMask = 2147483647;
			files = (
				8171F01C2B52EC4E005B8F6A /* SwiftUI.framework in Frameworks */,
				8171F01B2B52EC4E005B8F6A /* WidgetKit.framework in Frameworks */,
			);
			runOnlyForDeploymentPostprocessing = 0;
		};
		8171F0672B5C81F4005B8F6A /* Frameworks */ = {
			isa = PBXFrameworksBuildPhase;
			buildActionMask = 2147483647;
			files = (
				811F95D82B7918B700FC30D6 /* FirebaseAnalytics in Frameworks */,
				811F95D42B78DEF300FC30D6 /* Gzip in Frameworks */,
			);
			runOnlyForDeploymentPostprocessing = 0;
		};
		8171F07D2B5D4F11005B8F6A /* Frameworks */ = {
			isa = PBXFrameworksBuildPhase;
			buildActionMask = 2147483647;
			files = (
			);
			runOnlyForDeploymentPostprocessing = 0;
		};
		81D16AB12B33C21E003D9817 /* Frameworks */ = {
			isa = PBXFrameworksBuildPhase;
			buildActionMask = 2147483647;
			files = (
				818FD02B2B45C917008EE8AB /* Gzip in Frameworks */,
				81812AB32B48CA000060A30B /* FirebaseAnalytics in Frameworks */,
				81812AB52B48CA000060A30B /* FirebaseAnalyticsOnDeviceConversion in Frameworks */,
				81812AB72B48CA000060A30B /* FirebaseAnalyticsSwift in Frameworks */,
				81812AB92B48CA000060A30B /* FirebaseAnalyticsWithoutAdIdSupport in Frameworks */,
				81812ABB2B48CA000060A30B /* FirebaseAppCheck in Frameworks */,
			);
			runOnlyForDeploymentPostprocessing = 0;
		};
		81DF851F2BD157DA00248852 /* Frameworks */ = {
			isa = PBXFrameworksBuildPhase;
			buildActionMask = 2147483647;
			files = (
				81DF85242BD157DA00248852 /* SwiftUI.framework in Frameworks */,
				81DF85232BD157DA00248852 /* WidgetKit.framework in Frameworks */,
			);
			runOnlyForDeploymentPostprocessing = 0;
		};
/* End PBXFrameworksBuildPhase section */

/* Begin PBXGroup section */
		811143BF2BD582C2004E9DDD /* Utils */ = {
			isa = PBXGroup;
			children = (
				811143C12BD582C2004E9DDD /* ColorUtils.swift */,
				811143C02BD582C2004E9DDD /* MathUtils.swift */,
			);
			path = Utils;
			sourceTree = "<group>";
		};
		81498D0E2B7EAD21005F0961 /* alightreminderliveactivity */ = {
			isa = PBXGroup;
			children = (
				811143BF2BD582C2004E9DDD /* Utils */,
				81498D0F2B7EAD21005F0961 /* AlightReminderLiveActivityBundle.swift */,
				81498D112B7EAD21005F0961 /* AlightReminderLiveActivity.swift */,
				81498D152B7EAD23005F0961 /* Assets.xcassets */,
				81498D172B7EAD23005F0961 /* Info.plist */,
			);
			path = alightreminderliveactivity;
			sourceTree = "<group>";
		};
		8171F01D2B52EC4E005B8F6A /* tileswidget */ = {
			isa = PBXGroup;
			children = (
				8171F01E2B52EC4E005B8F6A /* tileswidget.swift */,
				8171F0222B52EC4F005B8F6A /* Assets.xcassets */,
				8171F0242B52EC4F005B8F6A /* Info.plist */,
			);
			path = tileswidget;
			sourceTree = "<group>";
		};
		8171F0392B5BE982005B8F6A /* hkbuseta */ = {
			isa = PBXGroup;
			children = (
				81498CFC2B7B0A8A005F0961 /* Info.plist */,
				811F95D52B79187400FC30D6 /* GoogleService-Info.plist */,
				8171F04B2B5C403D005B8F6A /* hkbuseta.entitlements */,
				8171F03A2B5BE982005B8F6A /* hkbusetaApp.swift */,
				814374752B6AAB8D007C823A /* ComposeView.swift */,
				8171F03E2B5BE983005B8F6A /* Assets.xcassets */,
				8171F0402B5BE983005B8F6A /* Preview Content */,
				81498CF02B7B07B5005F0961 /* InfoPlist.strings */,
			);
			path = hkbuseta;
			sourceTree = "<group>";
		};
		8171F0402B5BE983005B8F6A /* Preview Content */ = {
			isa = PBXGroup;
			children = (
				8171F0412B5BE983005B8F6A /* Preview Assets.xcassets */,
			);
			path = "Preview Content";
			sourceTree = "<group>";
		};
		8171F0812B5D4F11005B8F6A /* shareextension */ = {
			isa = PBXGroup;
			children = (
				8171F0822B5D4F11005B8F6A /* ShareViewController.swift */,
				8171F0902B5D51C7005B8F6A /* ShareExtensionView.swift */,
				8171F0872B5D4F11005B8F6A /* Info.plist */,
			);
			path = shareextension;
			sourceTree = "<group>";
		};
		81D16AA72B33C21D003D9817 = {
			isa = PBXGroup;
			children = (
				81DF85382BD162D200248852 /* FavouriteRoutesWidgetExtensionExtension.entitlements */,
				814687AC2B81141F00D105EC /* AlightReminderLiveActivityExtension.entitlements */,
				814687AB2B81141F00D105EC /* ShareExtension.entitlements */,
				8171F0392B5BE982005B8F6A /* hkbuseta */,
				8171F0812B5D4F11005B8F6A /* shareextension */,
				81D16AB82B33C21E003D9817 /* hkbuseta Watch App */,
				8171F01D2B52EC4E005B8F6A /* tileswidget */,
				81498D0E2B7EAD21005F0961 /* alightreminderliveactivity */,
				81DF85252BD157DA00248852 /* FavouriteRoutesWidgetExtension */,
				81D16AAF2B33C21E003D9817 /* Products */,
				81D16B202B363B01003D9817 /* Frameworks */,
			);
			sourceTree = "<group>";
		};
		81D16AAF2B33C21E003D9817 /* Products */ = {
			isa = PBXGroup;
			children = (
				81D16AB42B33C21E003D9817 /* HKBusETA.app */,
				8171F01A2B52EC4E005B8F6A /* TilesWidgetExtension.appex */,
				8171F0722B5C81F4005B8F6A /* HKBusETA Phone App.app */,
				8171F0802B5D4F11005B8F6A /* ShareExtension.appex */,
				81498D0B2B7EAD21005F0961 /* AlightReminderLiveActivityExtension.appex */,
				81DF85222BD157DA00248852 /* FavouriteRoutesWidgetExtensionExtension.appex */,
			);
			name = Products;
			sourceTree = "<group>";
		};
		81D16AB82B33C21E003D9817 /* hkbuseta Watch App */ = {
			isa = PBXGroup;
			children = (
				81AB3D8C2BFAB3EB00DB74C6 /* light_rail_system_map.json */,
				81AB3D8B2BFAB3EB00DB74C6 /* mtr_system_map.json */,
				81498CFE2B7B0A9C005F0961 /* Info.plist */,
				8171F04C2B5C414E005B8F6A /* hkbuseta Watch App.entitlements */,
				81498CF82B7B088A005F0961 /* InfoPlist.strings */,
				81812AC02B48D0400060A30B /* GoogleService-Info.plist */,
				81D16B322B36729B003D9817 /* hkbusetaApp.swift */,
				81D16B0C2B34CF98003D9817 /* Views */,
				81D16B0B2B34CF87003D9817 /* Shared */,
				81D16AF92B348866003D9817 /* Utils */,
				81D16ABD2B33C21F003D9817 /* Assets.xcassets */,
				81D16ABF2B33C21F003D9817 /* Preview Content */,
			);
			path = "hkbuseta Watch App";
			sourceTree = "<group>";
		};
		81D16ABF2B33C21F003D9817 /* Preview Content */ = {
			isa = PBXGroup;
			children = (
				81D16AC02B33C21F003D9817 /* Preview Assets.xcassets */,
			);
			path = "Preview Content";
			sourceTree = "<group>";
		};
		81D16AF92B348866003D9817 /* Utils */ = {
			isa = PBXGroup;
			children = (
				81498D052B7C336E005F0961 /* StateFlowObservable.swift */,
				81D16B112B34D44C003D9817 /* ColorUtils.swift */,
				81D16B182B360050003D9817 /* StringUtils.swift */,
				81D16B1A2B360AD8003D9817 /* MathUtils.swift */,
				81D16B262B364071003D9817 /* MarqueeText.swift */,
				81D16B362B374DBF003D9817 /* LocationManager.swift */,
				81D16B422B3A32EE003D9817 /* WatchOSMTRRouteMapUtils.swift */,
				81F9F1772BCF25D600BCA6E2 /* ArrayUtils.swift */,
				81F9F1792BCF39B200BCA6E2 /* ViewUtils.swift */,
				81AB3D872BFA923E00DB74C6 /* TrainRouteMapImage.swift */,
			);
			path = Utils;
			sourceTree = "<group>";
		};
		81D16B0B2B34CF87003D9817 /* Shared */ = {
			isa = PBXGroup;
			children = (
				81D16B072B34C12C003D9817 /* Shared.swift */,
			);
			path = Shared;
			sourceTree = "<group>";
		};
		81D16B0C2B34CF98003D9817 /* Views */ = {
			isa = PBXGroup;
			children = (
				81498D1E2B7F0EEA005F0961 /* AlightReminderView.swift */,
				8171F0302B53C732005B8F6A /* AppScreenView.swift */,
				81D16B3E2B37A609003D9817 /* FavView.swift */,
				81D16B3A2B379FC0003D9817 /* FavRouteListViewView.swift */,
				81D16B382B37738D003D9817 /* EtaMenuView.swift */,
				81D16B0D2B34CFA4003D9817 /* TitleView.swift */,
				81D16AF72B33E1D8003D9817 /* MainView.swift */,
				81D16B0F2B34D07A003D9817 /* SearchView.swift */,
				81D16B132B35109F003D9817 /* ListRoutesView.swift */,
				81D16B1C2B36214F003D9817 /* ListStopsView.swift */,
				81D16B282B36559B003D9817 /* EtaView.swift */,
				81D16B2E2B367178003D9817 /* DummyView.swift */,
				81D16B342B373E74003D9817 /* NearbyView.swift */,
				8171F02C2B53155F005B8F6A /* EtaTileListView.swift */,
				8171F02E2B531D5D005B8F6A /* EtaTileConfigurationView.swift */,
				81CA25E62BCB2BA90081A5C5 /* SettingsView.swift */,
				81AB3D892BFA96BC00DB74C6 /* TrainRouteMapView.swift */,
				8171F0322B59E5D8005B8F6A /* FatalErrorView.swift */,
			);
			path = Views;
			sourceTree = "<group>";
		};
		81D16B202B363B01003D9817 /* Frameworks */ = {
			isa = PBXGroup;
			children = (
				818FD0162B44C403008EE8AB /* WidgetKit.framework */,
				818FD0182B44C403008EE8AB /* SwiftUI.framework */,
			);
			name = Frameworks;
			sourceTree = "<group>";
		};
		81DF85252BD157DA00248852 /* FavouriteRoutesWidgetExtension */ = {
			isa = PBXGroup;
			children = (
				81DF85392BD182CE00248852 /* Utils */,
				81DF85262BD157DA00248852 /* FavouriteRoutesWidgetExtensionBundle.swift */,
				81DF85282BD157DA00248852 /* FavouriteRoutesWidgetExtension.swift */,
				81DF852A2BD157DA00248852 /* AppIntent.swift */,
				81DF852C2BD157DB00248852 /* Assets.xcassets */,
				81DF852E2BD157DB00248852 /* Info.plist */,
				81DF85432BD18E4B00248852 /* Localizable.strings */,
			);
			path = FavouriteRoutesWidgetExtension;
			sourceTree = "<group>";
		};
		81DF85392BD182CE00248852 /* Utils */ = {
			isa = PBXGroup;
			children = (
				81DF85352BD15A8600248852 /* RouteUtils.swift */,
				81DF853B2BD182E500248852 /* ColorUtils.swift */,
				81DF853A2BD182E500248852 /* MathUtils.swift */,
			);
			path = Utils;
			sourceTree = "<group>";
		};
/* End PBXGroup section */

/* Begin PBXNativeTarget section */
		81498D0A2B7EAD21005F0961 /* AlightReminderLiveActivityExtension */ = {
			isa = PBXNativeTarget;
			buildConfigurationList = 81498D1B2B7EAD23005F0961 /* Build configuration list for PBXNativeTarget "AlightReminderLiveActivityExtension" */;
			buildPhases = (
				81498D072B7EAD21005F0961 /* Sources */,
				81498D082B7EAD21005F0961 /* Frameworks */,
				81498D092B7EAD21005F0961 /* Resources */,
			);
			buildRules = (
			);
			dependencies = (
			);
			name = AlightReminderLiveActivityExtension;
			productName = alightreminderliveactivityExtension;
			productReference = 81498D0B2B7EAD21005F0961 /* AlightReminderLiveActivityExtension.appex */;
			productType = "com.apple.product-type.app-extension";
		};
		8171F0192B52EC4E005B8F6A /* TilesWidgetExtension */ = {
			isa = PBXNativeTarget;
			buildConfigurationList = 8171F0282B52EC4F005B8F6A /* Build configuration list for PBXNativeTarget "TilesWidgetExtension" */;
			buildPhases = (
				8171F0162B52EC4E005B8F6A /* Sources */,
				8171F0172B52EC4E005B8F6A /* Frameworks */,
				8171F0182B52EC4E005B8F6A /* Resources */,
			);
			buildRules = (
			);
			dependencies = (
			);
			name = TilesWidgetExtension;
			productName = tileswidgetExtension;
			productReference = 8171F01A2B52EC4E005B8F6A /* TilesWidgetExtension.appex */;
			productType = "com.apple.product-type.app-extension";
		};
		8171F0602B5C81F4005B8F6A /* HKBusETA Phone App */ = {
			isa = PBXNativeTarget;
			buildConfigurationList = 8171F06F2B5C81F4005B8F6A /* Build configuration list for PBXNativeTarget "HKBusETA Phone App" */;
			buildPhases = (
				814374772B6AB629007C823A /* ShellScript */,
				8171F0652B5C81F4005B8F6A /* Sources */,
				8171F0672B5C81F4005B8F6A /* Frameworks */,
				8171F0682B5C81F4005B8F6A /* Resources */,
				8171F06B2B5C81F4005B8F6A /* Embed Watch Content */,
				8171F06D2B5C81F4005B8F6A /* Embed Foundation Extensions */,
			);
			buildRules = (
			);
			dependencies = (
				8171F0892B5D4F11005B8F6A /* PBXTargetDependency */,
				81498D192B7EAD23005F0961 /* PBXTargetDependency */,
				814890212BB3967C00E82FB8 /* PBXTargetDependency */,
				81DF85302BD157DB00248852 /* PBXTargetDependency */,
			);
			name = "HKBusETA Phone App";
			packageProductDependencies = (
				811F95D32B78DEF300FC30D6 /* Gzip */,
				811F95D72B7918B700FC30D6 /* FirebaseAnalytics */,
			);
			productName = hkbuseta;
			productReference = 8171F0722B5C81F4005B8F6A /* HKBusETA Phone App.app */;
			productType = "com.apple.product-type.application";
		};
		8171F07F2B5D4F11005B8F6A /* ShareExtension */ = {
			isa = PBXNativeTarget;
			buildConfigurationList = 8171F08B2B5D4F11005B8F6A /* Build configuration list for PBXNativeTarget "ShareExtension" */;
			buildPhases = (
				8171F07C2B5D4F11005B8F6A /* Sources */,
				8171F07D2B5D4F11005B8F6A /* Frameworks */,
				8171F07E2B5D4F11005B8F6A /* Resources */,
			);
			buildRules = (
			);
			dependencies = (
			);
			name = ShareExtension;
			productName = shareextension;
			productReference = 8171F0802B5D4F11005B8F6A /* ShareExtension.appex */;
			productType = "com.apple.product-type.app-extension";
		};
		81D16AB32B33C21E003D9817 /* HKBusETA Watch App */ = {
			isa = PBXNativeTarget;
			buildConfigurationList = 81D16AC42B33C21F003D9817 /* Build configuration list for PBXNativeTarget "HKBusETA Watch App" */;
			buildPhases = (
				81D16AD22B33CC85003D9817 /* Run Script */,
				81D16AB02B33C21E003D9817 /* Sources */,
				81D16AB12B33C21E003D9817 /* Frameworks */,
				81D16AB22B33C21E003D9817 /* Resources */,
				818FD0282B44C405008EE8AB /* Embed Foundation Extensions */,
			);
			buildRules = (
			);
			dependencies = (
				8171F0262B52EC4F005B8F6A /* PBXTargetDependency */,
			);
			name = "HKBusETA Watch App";
			packageProductDependencies = (
				818FD02A2B45C917008EE8AB /* Gzip */,
				81812AB22B48CA000060A30B /* FirebaseAnalytics */,
				81812AB42B48CA000060A30B /* FirebaseAnalyticsOnDeviceConversion */,
				81812AB62B48CA000060A30B /* FirebaseAnalyticsSwift */,
				81812AB82B48CA000060A30B /* FirebaseAnalyticsWithoutAdIdSupport */,
				81812ABA2B48CA000060A30B /* FirebaseAppCheck */,
			);
			productName = "hkbuseta Watch App";
			productReference = 81D16AB42B33C21E003D9817 /* HKBusETA.app */;
			productType = "com.apple.product-type.application";
		};
		81DF85212BD157DA00248852 /* FavouriteRoutesWidgetExtensionExtension */ = {
			isa = PBXNativeTarget;
			buildConfigurationList = 81DF85322BD157DC00248852 /* Build configuration list for PBXNativeTarget "FavouriteRoutesWidgetExtensionExtension" */;
			buildPhases = (
				81DF851E2BD157DA00248852 /* Sources */,
				81DF851F2BD157DA00248852 /* Frameworks */,
				81DF85202BD157DA00248852 /* Resources */,
			);
			buildRules = (
			);
			dependencies = (
			);
			name = FavouriteRoutesWidgetExtensionExtension;
			productName = FavouriteRoutesWidgetExtensionExtension;
			productReference = 81DF85222BD157DA00248852 /* FavouriteRoutesWidgetExtensionExtension.appex */;
			productType = "com.apple.product-type.app-extension";
		};
/* End PBXNativeTarget section */

/* Begin PBXProject section */
		81D16AA82B33C21D003D9817 /* Project object */ = {
			isa = PBXProject;
			attributes = {
				BuildIndependentTargetsInParallel = 1;
				LastSwiftUpdateCheck = 1510;
				LastUpgradeCheck = 1510;
				TargetAttributes = {
					81498D0A2B7EAD21005F0961 = {
						CreatedOnToolsVersion = 15.1;
					};
					8171F0192B52EC4E005B8F6A = {
						CreatedOnToolsVersion = 15.1;
					};
					8171F07F2B5D4F11005B8F6A = {
						CreatedOnToolsVersion = 15.1;
					};
					81D16AB32B33C21E003D9817 = {
						CreatedOnToolsVersion = 15.1;
					};
					81DF85212BD157DA00248852 = {
						CreatedOnToolsVersion = 15.1;
					};
				};
			};
			buildConfigurationList = 81D16AAB2B33C21D003D9817 /* Build configuration list for PBXProject "iOSApp" */;
			compatibilityVersion = "Xcode 15.0";
			developmentRegion = en;
			hasScannedForEncodings = 0;
			knownRegions = (
				en,
				Base,
				"zh-HK",
				"zh-Hans",
				"zh-Hant",
			);
			mainGroup = 81D16AA72B33C21D003D9817;
			packageReferences = (
				81D16AFC2B34982B003D9817 /* XCRemoteSwiftPackageReference "KMP-NativeCoroutines" */,
				818FD0292B45C917008EE8AB /* XCRemoteSwiftPackageReference "GzipSwift" */,
				81812AB12B48CA000060A30B /* XCRemoteSwiftPackageReference "firebase-ios-sdk" */,
				81498CE62B7AF648005F0961 /* XCRemoteSwiftPackageReference "MKZoomLevel" */,
			);
			productRefGroup = 81D16AAF2B33C21E003D9817 /* Products */;
			projectDirPath = "";
			projectRoot = "";
			targets = (
				8171F0602B5C81F4005B8F6A /* HKBusETA Phone App */,
				81498D0A2B7EAD21005F0961 /* AlightReminderLiveActivityExtension */,
				81DF85212BD157DA00248852 /* FavouriteRoutesWidgetExtensionExtension */,
				8171F07F2B5D4F11005B8F6A /* ShareExtension */,
				81D16AB32B33C21E003D9817 /* HKBusETA Watch App */,
				8171F0192B52EC4E005B8F6A /* TilesWidgetExtension */,
			);
		};
/* End PBXProject section */

/* Begin PBXResourcesBuildPhase section */
		81498D092B7EAD21005F0961 /* Resources */ = {
			isa = PBXResourcesBuildPhase;
			buildActionMask = 2147483647;
			files = (
				81498D162B7EAD23005F0961 /* Assets.xcassets in Resources */,
			);
			runOnlyForDeploymentPostprocessing = 0;
		};
		8171F0182B52EC4E005B8F6A /* Resources */ = {
			isa = PBXResourcesBuildPhase;
			buildActionMask = 2147483647;
			files = (
				8171F0232B52EC4F005B8F6A /* Assets.xcassets in Resources */,
			);
			runOnlyForDeploymentPostprocessing = 0;
		};
		8171F0682B5C81F4005B8F6A /* Resources */ = {
			isa = PBXResourcesBuildPhase;
			buildActionMask = 2147483647;
			files = (
				8171F0692B5C81F4005B8F6A /* Preview Assets.xcassets in Resources */,
				81DF85482BD1A26600248852 /* InfoPlist.strings in Resources */,
				811F95D62B79187400FC30D6 /* GoogleService-Info.plist in Resources */,
				8171F06A2B5C81F4005B8F6A /* Assets.xcassets in Resources */,
			);
			runOnlyForDeploymentPostprocessing = 0;
		};
		8171F07E2B5D4F11005B8F6A /* Resources */ = {
			isa = PBXResourcesBuildPhase;
			buildActionMask = 2147483647;
			files = (
			);
			runOnlyForDeploymentPostprocessing = 0;
		};
		81D16AB22B33C21E003D9817 /* Resources */ = {
			isa = PBXResourcesBuildPhase;
			buildActionMask = 2147483647;
			files = (
				81D16AC12B33C21F003D9817 /* Preview Assets.xcassets in Resources */,
				81498D002B7B0BE4005F0961 /* InfoPlist.strings in Resources */,
				81AB3D8D2BFAB3EB00DB74C6 /* mtr_system_map.json in Resources */,
				81D16ABE2B33C21F003D9817 /* Assets.xcassets in Resources */,
				81AB3D8E2BFAB3EB00DB74C6 /* light_rail_system_map.json in Resources */,
				81812AC12B48D0400060A30B /* GoogleService-Info.plist in Resources */,
			);
			runOnlyForDeploymentPostprocessing = 0;
		};
		81DF85202BD157DA00248852 /* Resources */ = {
			isa = PBXResourcesBuildPhase;
			buildActionMask = 2147483647;
			files = (
				81DF852D2BD157DB00248852 /* Assets.xcassets in Resources */,
				81DF85472BD1A24E00248852 /* Localizable.strings in Resources */,
			);
			runOnlyForDeploymentPostprocessing = 0;
		};
/* End PBXResourcesBuildPhase section */

/* Begin PBXShellScriptBuildPhase section */
		814374772B6AB629007C823A /* ShellScript */ = {
			isa = PBXShellScriptBuildPhase;
			buildActionMask = 2147483647;
			files = (
			);
			inputFileListPaths = (
			);
			inputPaths = (
			);
			outputFileListPaths = (
			);
			outputPaths = (
			);
			runOnlyForDeploymentPostprocessing = 0;
			shellPath = /bin/sh;
			shellScript = "if [ \"YES\" = \"$OVERRIDE_KOTLIN_BUILD_IDE_SUPPORTED\" ]; then\n  echo \"Skipping Gradle build task invocation due to OVERRIDE_KOTLIN_BUILD_IDE_SUPPORTED environment variable set to \\\"YES\\\"\"\n  exit 0\nfi\ncd \"$SRCROOT/..\"\n./gradlew :composeApp:embedAndSignAppleFrameworkForXcode\n";
		};
		81D16AD22B33CC85003D9817 /* Run Script */ = {
			isa = PBXShellScriptBuildPhase;
			buildActionMask = 2147483647;
			files = (
			);
			inputFileListPaths = (
			);
			inputPaths = (
			);
			name = "Run Script";
			outputFileListPaths = (
			);
			outputPaths = (
			);
			runOnlyForDeploymentPostprocessing = 0;
			shellPath = /bin/sh;
			shellScript = "cd \"$SRCROOT/..\"\n./gradlew :shared:embedAndSignAppleFrameworkForXcode -x :shared:syncComposeResourcesForIos\n";
		};
/* End PBXShellScriptBuildPhase section */

/* Begin PBXSourcesBuildPhase section */
		81498D072B7EAD21005F0961 /* Sources */ = {
			isa = PBXSourcesBuildPhase;
			buildActionMask = 2147483647;
			files = (
				811143C32BD582C2004E9DDD /* MathUtils.swift in Sources */,
				811143C52BD582C2004E9DDD /* ColorUtils.swift in Sources */,
				81498D122B7EAD21005F0961 /* AlightReminderLiveActivity.swift in Sources */,
				81498D102B7EAD21005F0961 /* AlightReminderLiveActivityBundle.swift in Sources */,
			);
			runOnlyForDeploymentPostprocessing = 0;
		};
		8171F0162B52EC4E005B8F6A /* Sources */ = {
			isa = PBXSourcesBuildPhase;
			buildActionMask = 2147483647;
			files = (
				8171F01F2B52EC4E005B8F6A /* tileswidget.swift in Sources */,
			);
			runOnlyForDeploymentPostprocessing = 0;
		};
		8171F0652B5C81F4005B8F6A /* Sources */ = {
			isa = PBXSourcesBuildPhase;
			buildActionMask = 2147483647;
			files = (
				8171F0662B5C81F4005B8F6A /* hkbusetaApp.swift in Sources */,
				814374762B6AAB8D007C823A /* ComposeView.swift in Sources */,
			);
			runOnlyForDeploymentPostprocessing = 0;
		};
		8171F07C2B5D4F11005B8F6A /* Sources */ = {
			isa = PBXSourcesBuildPhase;
			buildActionMask = 2147483647;
			files = (
				8171F0912B5D51C7005B8F6A /* ShareExtensionView.swift in Sources */,
				8171F0832B5D4F11005B8F6A /* ShareViewController.swift in Sources */,
			);
			runOnlyForDeploymentPostprocessing = 0;
		};
		81D16AB02B33C21E003D9817 /* Sources */ = {
			isa = PBXSourcesBuildPhase;
			buildActionMask = 2147483647;
			files = (
				81D16B122B34D44C003D9817 /* ColorUtils.swift in Sources */,
				81D16B352B373E74003D9817 /* NearbyView.swift in Sources */,
				8171F02F2B531D5D005B8F6A /* EtaTileConfigurationView.swift in Sources */,
				81CA25E72BCB2BA90081A5C5 /* SettingsView.swift in Sources */,
				81D16B082B34C12C003D9817 /* Shared.swift in Sources */,
				8171F0332B59E5D8005B8F6A /* FatalErrorView.swift in Sources */,
				81498D1F2B7F0EEA005F0961 /* AlightReminderView.swift in Sources */,
				81D16B432B3A32EE003D9817 /* WatchOSMTRRouteMapUtils.swift in Sources */,
				81D16B3F2B37A609003D9817 /* FavView.swift in Sources */,
				81D16B0E2B34CFEC003D9817 /* TitleView.swift in Sources */,
				81AB3D882BFA923E00DB74C6 /* TrainRouteMapImage.swift in Sources */,
				81D16B372B374DBF003D9817 /* LocationManager.swift in Sources */,
				81D16B3B2B379FC0003D9817 /* FavRouteListViewView.swift in Sources */,
				81D16B272B364071003D9817 /* MarqueeText.swift in Sources */,
				81D16B332B36729B003D9817 /* hkbusetaApp.swift in Sources */,
				81AB3D8A2BFA96BD00DB74C6 /* TrainRouteMapView.swift in Sources */,
				81F9F17A2BCF39B200BCA6E2 /* ViewUtils.swift in Sources */,
				81498D062B7C336E005F0961 /* StateFlowObservable.swift in Sources */,
				81D16B102B34D07A003D9817 /* SearchView.swift in Sources */,
				8171F02D2B53155F005B8F6A /* EtaTileListView.swift in Sources */,
				81D16B1D2B36214F003D9817 /* ListStopsView.swift in Sources */,
				81D16B292B36559B003D9817 /* EtaView.swift in Sources */,
				81F9F1782BCF25D600BCA6E2 /* ArrayUtils.swift in Sources */,
				81D16AF82B33E1D8003D9817 /* MainView.swift in Sources */,
				81D16B2F2B367178003D9817 /* DummyView.swift in Sources */,
				81D16B192B360050003D9817 /* StringUtils.swift in Sources */,
				81D16B1B2B360AD8003D9817 /* MathUtils.swift in Sources */,
				8171F0312B53C732005B8F6A /* AppScreenView.swift in Sources */,
				81D16B142B35109F003D9817 /* ListRoutesView.swift in Sources */,
				81D16B392B37738D003D9817 /* EtaMenuView.swift in Sources */,
			);
			runOnlyForDeploymentPostprocessing = 0;
		};
		81DF851E2BD157DA00248852 /* Sources */ = {
			isa = PBXSourcesBuildPhase;
			buildActionMask = 2147483647;
			files = (
				81DF85272BD157DA00248852 /* FavouriteRoutesWidgetExtensionBundle.swift in Sources */,
				81DF853C2BD182E500248852 /* ColorUtils.swift in Sources */,
				81DF85292BD157DA00248852 /* FavouriteRoutesWidgetExtension.swift in Sources */,
				81DF853D2BD182E500248852 /* MathUtils.swift in Sources */,
				81DF852B2BD157DA00248852 /* AppIntent.swift in Sources */,
				81DF85372BD15ADA00248852 /* RouteUtils.swift in Sources */,
			);
			runOnlyForDeploymentPostprocessing = 0;
		};
/* End PBXSourcesBuildPhase section */

/* Begin PBXTargetDependency section */
		814890212BB3967C00E82FB8 /* PBXTargetDependency */ = {
			isa = PBXTargetDependency;
			target = 81D16AB32B33C21E003D9817 /* HKBusETA Watch App */;
			targetProxy = 814890202BB3967C00E82FB8 /* PBXContainerItemProxy */;
		};
		81498D192B7EAD23005F0961 /* PBXTargetDependency */ = {
			isa = PBXTargetDependency;
			platformFilter = ios;
			target = 81498D0A2B7EAD21005F0961 /* AlightReminderLiveActivityExtension */;
			targetProxy = 81498D182B7EAD23005F0961 /* PBXContainerItemProxy */;
		};
		8171F0262B52EC4F005B8F6A /* PBXTargetDependency */ = {
			isa = PBXTargetDependency;
			target = 8171F0192B52EC4E005B8F6A /* TilesWidgetExtension */;
			targetProxy = 8171F0252B52EC4F005B8F6A /* PBXContainerItemProxy */;
		};
		8171F0892B5D4F11005B8F6A /* PBXTargetDependency */ = {
			isa = PBXTargetDependency;
			platformFilter = ios;
			target = 8171F07F2B5D4F11005B8F6A /* ShareExtension */;
			targetProxy = 8171F0882B5D4F11005B8F6A /* PBXContainerItemProxy */;
		};
		81DF85302BD157DB00248852 /* PBXTargetDependency */ = {
			isa = PBXTargetDependency;
			target = 81DF85212BD157DA00248852 /* FavouriteRoutesWidgetExtensionExtension */;
			targetProxy = 81DF852F2BD157DB00248852 /* PBXContainerItemProxy */;
		};
/* End PBXTargetDependency section */

/* Begin PBXVariantGroup section */
		81498CF02B7B07B5005F0961 /* InfoPlist.strings */ = {
			isa = PBXVariantGroup;
			children = (
				81498CEF2B7B07B5005F0961 /* zh-HK */,
				81498CF12B7B07BD005F0961 /* en */,
				81498CF22B7B07BF005F0961 /* zh-Hans */,
				81498CF32B7B07C0005F0961 /* zh-Hant */,
			);
			name = InfoPlist.strings;
			sourceTree = "<group>";
		};
		81498CF82B7B088A005F0961 /* InfoPlist.strings */ = {
			isa = PBXVariantGroup;
			children = (
				81498CF72B7B088A005F0961 /* en */,
				81498CF92B7B088B005F0961 /* zh-HK */,
				81498CFA2B7B088B005F0961 /* zh-Hans */,
				81498CFB2B7B088C005F0961 /* zh-Hant */,
			);
			name = InfoPlist.strings;
			sourceTree = "<group>";
		};
		81DF85432BD18E4B00248852 /* Localizable.strings */ = {
			isa = PBXVariantGroup;
			children = (
				81DF85422BD18E4B00248852 /* zh-HK */,
				81DF85442BD18E5200248852 /* zh-Hans */,
				81DF85452BD18E5400248852 /* zh-Hant */,
				81DF85462BD18E6300248852 /* en */,
			);
			name = Localizable.strings;
			sourceTree = "<group>";
		};
/* End PBXVariantGroup section */

/* Begin XCBuildConfiguration section */
		81498D1C2B7EAD23005F0961 /* Debug */ = {
			isa = XCBuildConfiguration;
			buildSettings = {
				ASSETCATALOG_COMPILER_GLOBAL_ACCENT_COLOR_NAME = AccentColor;
				ASSETCATALOG_COMPILER_WIDGET_BACKGROUND_COLOR_NAME = WidgetBackground;
				CODE_SIGN_ENTITLEMENTS = AlightReminderLiveActivityExtension.entitlements;
				CODE_SIGN_STYLE = Automatic;
				CURRENT_PROJECT_VERSION = 189;
				DEVELOPMENT_TEAM = 5Z2275W445;
				GENERATE_INFOPLIST_FILE = YES;
				INFOPLIST_FILE = alightreminderliveactivity/Info.plist;
				INFOPLIST_KEY_CFBundleDisplayName = alightreminderliveactivity;
				INFOPLIST_KEY_NSHumanReadableCopyright = "";
				IPHONEOS_DEPLOYMENT_TARGET = 17.0;
				LD_RUNPATH_SEARCH_PATHS = (
					"$(inherited)",
					"@executable_path/Frameworks",
					"@executable_path/../../Frameworks",
				);
				MARKETING_VERSION = 2.3.2;
				PRODUCT_BUNDLE_IDENTIFIER = com.loohp.hkbuseta.alightreminderliveactivity;
				PRODUCT_NAME = "$(TARGET_NAME)";
				SDKROOT = iphoneos;
				SKIP_INSTALL = YES;
				SUPPORTED_PLATFORMS = "iphoneos iphonesimulator";
				SUPPORTS_MACCATALYST = NO;
				SWIFT_EMIT_LOC_STRINGS = YES;
				SWIFT_VERSION = 5.0;
				TARGETED_DEVICE_FAMILY = "1,2";
			};
			name = Debug;
		};
		81498D1D2B7EAD23005F0961 /* Release */ = {
			isa = XCBuildConfiguration;
			buildSettings = {
				ASSETCATALOG_COMPILER_GLOBAL_ACCENT_COLOR_NAME = AccentColor;
				ASSETCATALOG_COMPILER_WIDGET_BACKGROUND_COLOR_NAME = WidgetBackground;
				CODE_SIGN_ENTITLEMENTS = AlightReminderLiveActivityExtension.entitlements;
				CODE_SIGN_STYLE = Automatic;
				CURRENT_PROJECT_VERSION = 189;
				DEVELOPMENT_TEAM = 5Z2275W445;
				EXCLUDED_ARCHS = "";
				GENERATE_INFOPLIST_FILE = YES;
				INFOPLIST_FILE = alightreminderliveactivity/Info.plist;
				INFOPLIST_KEY_CFBundleDisplayName = alightreminderliveactivity;
				INFOPLIST_KEY_NSHumanReadableCopyright = "";
				IPHONEOS_DEPLOYMENT_TARGET = 17.0;
				LD_RUNPATH_SEARCH_PATHS = (
					"$(inherited)",
					"@executable_path/Frameworks",
					"@executable_path/../../Frameworks",
				);
				MARKETING_VERSION = 2.3.2;
				PRODUCT_BUNDLE_IDENTIFIER = com.loohp.hkbuseta.alightreminderliveactivity;
				PRODUCT_NAME = "$(TARGET_NAME)";
				SDKROOT = iphoneos;
				SKIP_INSTALL = YES;
				SUPPORTED_PLATFORMS = "iphoneos iphonesimulator";
				SUPPORTS_MACCATALYST = NO;
				SWIFT_EMIT_LOC_STRINGS = YES;
				SWIFT_VERSION = 5.0;
				TARGETED_DEVICE_FAMILY = "1,2";
				VALIDATE_PRODUCT = YES;
			};
			name = Release;
		};
		8171F0292B52EC4F005B8F6A /* Debug */ = {
			isa = XCBuildConfiguration;
			buildSettings = {
				ASSETCATALOG_COMPILER_GLOBAL_ACCENT_COLOR_NAME = AccentColor;
				ASSETCATALOG_COMPILER_WIDGET_BACKGROUND_COLOR_NAME = WidgetBackground;
				CODE_SIGN_IDENTITY = "Apple Development";
				CODE_SIGN_STYLE = Automatic;
				CURRENT_PROJECT_VERSION = 189;
				DEVELOPMENT_TEAM = 5Z2275W445;
				GENERATE_INFOPLIST_FILE = YES;
				INFOPLIST_FILE = tileswidget/Info.plist;
				INFOPLIST_KEY_CFBundleDisplayName = tileswidget;
				INFOPLIST_KEY_NSHumanReadableCopyright = "";
				LD_RUNPATH_SEARCH_PATHS = (
					"$(inherited)",
					"@executable_path/Frameworks",
					"@executable_path/../../Frameworks",
					"@executable_path/../../../../Frameworks",
				);
				MARKETING_VERSION = 2.3.2;
				PRODUCT_BUNDLE_IDENTIFIER = com.loohp.hkbuseta.watchkitapp.tileswidget;
				PRODUCT_NAME = "$(TARGET_NAME)";
				SKIP_INSTALL = YES;
				SWIFT_EMIT_LOC_STRINGS = YES;
				SWIFT_VERSION = 5.0;
				TARGETED_DEVICE_FAMILY = 4;
				WATCHOS_DEPLOYMENT_TARGET = 9.0;
			};
			name = Debug;
		};
		8171F02A2B52EC4F005B8F6A /* Release */ = {
			isa = XCBuildConfiguration;
			buildSettings = {
				ASSETCATALOG_COMPILER_GLOBAL_ACCENT_COLOR_NAME = AccentColor;
				ASSETCATALOG_COMPILER_WIDGET_BACKGROUND_COLOR_NAME = WidgetBackground;
				CODE_SIGN_IDENTITY = "Apple Development";
				CODE_SIGN_STYLE = Automatic;
				CURRENT_PROJECT_VERSION = 189;
				DEVELOPMENT_TEAM = 5Z2275W445;
				GENERATE_INFOPLIST_FILE = YES;
				INFOPLIST_FILE = tileswidget/Info.plist;
				INFOPLIST_KEY_CFBundleDisplayName = tileswidget;
				INFOPLIST_KEY_NSHumanReadableCopyright = "";
				LD_RUNPATH_SEARCH_PATHS = (
					"$(inherited)",
					"@executable_path/Frameworks",
					"@executable_path/../../Frameworks",
					"@executable_path/../../../../Frameworks",
				);
				MARKETING_VERSION = 2.3.2;
				PRODUCT_BUNDLE_IDENTIFIER = com.loohp.hkbuseta.watchkitapp.tileswidget;
				PRODUCT_NAME = "$(TARGET_NAME)";
				SKIP_INSTALL = YES;
				SWIFT_EMIT_LOC_STRINGS = YES;
				SWIFT_VERSION = 5.0;
				TARGETED_DEVICE_FAMILY = 4;
				VALIDATE_PRODUCT = YES;
				WATCHOS_DEPLOYMENT_TARGET = 9.0;
			};
			name = Release;
		};
		8171F0702B5C81F4005B8F6A /* Debug */ = {
			isa = XCBuildConfiguration;
			buildSettings = {
				ALWAYS_EMBED_SWIFT_STANDARD_LIBRARIES = YES;
				ASSETCATALOG_COMPILER_APPICON_NAME = AppIcon;
				ASSETCATALOG_COMPILER_GLOBAL_ACCENT_COLOR_NAME = AccentColor;
				CODE_SIGN_ENTITLEMENTS = hkbuseta/hkbuseta.entitlements;
				CODE_SIGN_STYLE = Automatic;
				CURRENT_PROJECT_VERSION = 189;
				DEBUG_INFORMATION_FORMAT = "dwarf-with-dsym";
				DEVELOPMENT_ASSET_PATHS = "\"hkbuseta/Preview Content\"";
				DEVELOPMENT_TEAM = 5Z2275W445;
				ENABLE_PREVIEWS = YES;
				ENABLE_USER_SCRIPT_SANDBOXING = NO;
				FRAMEWORK_SEARCH_PATHS = (
					"$(SRCROOT)/../shared/build/xcode-frameworks/$(CONFIGURATION)/$(SDK_NAME)",
					"$(SRCROOT)/../composeApp/build/xcode-frameworks/$(CONFIGURATION)/$(SDK_NAME)",
				);
				GENERATE_INFOPLIST_FILE = YES;
				INFOPLIST_FILE = hkbuseta/Info.plist;
				INFOPLIST_KEY_CFBundleDisplayName = "";
				INFOPLIST_KEY_LSApplicationCategoryType = "public.app-category.navigation";
				INFOPLIST_KEY_NSLocationAlwaysUsageDescription = "";
				INFOPLIST_KEY_NSLocationWhenInUseUsageDescription = "";
				INFOPLIST_KEY_NSSupportsLiveActivities = YES;
				INFOPLIST_KEY_UIApplicationSceneManifest_Generation = YES;
				INFOPLIST_KEY_UIApplicationSupportsIndirectInputEvents = YES;
				INFOPLIST_KEY_UILaunchScreen_Generation = YES;
				INFOPLIST_KEY_UIRequiresFullScreen = NO;
				INFOPLIST_KEY_UIStatusBarHidden = NO;
				INFOPLIST_KEY_UIStatusBarStyle = "";
				INFOPLIST_KEY_UISupportedInterfaceOrientations_iPad = "UIInterfaceOrientationPortrait UIInterfaceOrientationPortraitUpsideDown UIInterfaceOrientationLandscapeLeft UIInterfaceOrientationLandscapeRight";
				INFOPLIST_KEY_UISupportedInterfaceOrientations_iPhone = "UIInterfaceOrientationPortrait UIInterfaceOrientationLandscapeLeft UIInterfaceOrientationLandscapeRight";
				IPHONEOS_DEPLOYMENT_TARGET = 15.2;
				LD_RUNPATH_SEARCH_PATHS = (
					"$(inherited)",
					"@executable_path/Frameworks",
				);
				MARKETING_VERSION = 2.3.2;
				OTHER_LDFLAGS = (
					"$(inherited)",
					"-framework",
					composeApp,
					"-ObjC",
				);
				PRODUCT_BUNDLE_IDENTIFIER = com.loohp.hkbuseta;
				PRODUCT_NAME = "$(TARGET_NAME)";
				SDKROOT = iphoneos;
				SUPPORTED_PLATFORMS = "iphoneos iphonesimulator";
				SUPPORTS_MACCATALYST = NO;
				SUPPORTS_MAC_DESIGNED_FOR_IPHONE_IPAD = YES;
				SWIFT_EMIT_LOC_STRINGS = YES;
				SWIFT_VERSION = 5.0;
				TARGETED_DEVICE_FAMILY = "1,2";
			};
			name = Debug;
		};
		8171F0712B5C81F4005B8F6A /* Release */ = {
			isa = XCBuildConfiguration;
			buildSettings = {
				ALWAYS_EMBED_SWIFT_STANDARD_LIBRARIES = YES;
				ASSETCATALOG_COMPILER_APPICON_NAME = AppIcon;
				ASSETCATALOG_COMPILER_GLOBAL_ACCENT_COLOR_NAME = AccentColor;
				CODE_SIGN_ENTITLEMENTS = hkbuseta/hkbuseta.entitlements;
				CODE_SIGN_STYLE = Automatic;
				CURRENT_PROJECT_VERSION = 189;
				DEBUG_INFORMATION_FORMAT = "dwarf-with-dsym";
				DEVELOPMENT_ASSET_PATHS = "\"hkbuseta/Preview Content\"";
				DEVELOPMENT_TEAM = 5Z2275W445;
				ENABLE_PREVIEWS = YES;
				ENABLE_USER_SCRIPT_SANDBOXING = NO;
				EXCLUDED_ARCHS = "";
				FRAMEWORK_SEARCH_PATHS = (
					"$(SRCROOT)/../shared/build/xcode-frameworks/$(CONFIGURATION)/$(SDK_NAME)",
					"$(SRCROOT)/../composeApp/build/xcode-frameworks/$(CONFIGURATION)/$(SDK_NAME)",
				);
				GENERATE_INFOPLIST_FILE = YES;
				INFOPLIST_FILE = hkbuseta/Info.plist;
				INFOPLIST_KEY_CFBundleDisplayName = "";
				INFOPLIST_KEY_LSApplicationCategoryType = "public.app-category.navigation";
				INFOPLIST_KEY_NSLocationAlwaysUsageDescription = "";
				INFOPLIST_KEY_NSLocationWhenInUseUsageDescription = "";
				INFOPLIST_KEY_NSSupportsLiveActivities = YES;
				INFOPLIST_KEY_UIApplicationSceneManifest_Generation = YES;
				INFOPLIST_KEY_UIApplicationSupportsIndirectInputEvents = YES;
				INFOPLIST_KEY_UILaunchScreen_Generation = YES;
				INFOPLIST_KEY_UIRequiresFullScreen = NO;
				INFOPLIST_KEY_UIStatusBarHidden = NO;
				INFOPLIST_KEY_UIStatusBarStyle = "";
				INFOPLIST_KEY_UISupportedInterfaceOrientations_iPad = "UIInterfaceOrientationPortrait UIInterfaceOrientationPortraitUpsideDown UIInterfaceOrientationLandscapeLeft UIInterfaceOrientationLandscapeRight";
				INFOPLIST_KEY_UISupportedInterfaceOrientations_iPhone = "UIInterfaceOrientationPortrait UIInterfaceOrientationLandscapeLeft UIInterfaceOrientationLandscapeRight";
				IPHONEOS_DEPLOYMENT_TARGET = 15.2;
				LD_RUNPATH_SEARCH_PATHS = (
					"$(inherited)",
					"@executable_path/Frameworks",
				);
				MARKETING_VERSION = 2.3.2;
				OTHER_LDFLAGS = (
					"$(inherited)",
					"-framework",
					composeApp,
					"-ObjC",
				);
				PRODUCT_BUNDLE_IDENTIFIER = com.loohp.hkbuseta;
				PRODUCT_NAME = "$(TARGET_NAME)";
				SDKROOT = iphoneos;
				SUPPORTED_PLATFORMS = "iphoneos iphonesimulator";
				SUPPORTS_MACCATALYST = NO;
				SUPPORTS_MAC_DESIGNED_FOR_IPHONE_IPAD = YES;
				SWIFT_EMIT_LOC_STRINGS = YES;
				SWIFT_VERSION = 5.0;
				TARGETED_DEVICE_FAMILY = "1,2";
				VALIDATE_PRODUCT = YES;
			};
			name = Release;
		};
		8171F08C2B5D4F11005B8F6A /* Debug */ = {
			isa = XCBuildConfiguration;
			buildSettings = {
				CODE_SIGN_ENTITLEMENTS = ShareExtension/ShareExtension.entitlements;
				CODE_SIGN_STYLE = Automatic;
				CURRENT_PROJECT_VERSION = 189;
				DEVELOPMENT_TEAM = 5Z2275W445;
				GENERATE_INFOPLIST_FILE = YES;
				INFOPLIST_FILE = shareextension/Info.plist;
				INFOPLIST_KEY_CFBundleDisplayName = shareextension;
				INFOPLIST_KEY_NSHumanReadableCopyright = "";
				IPHONEOS_DEPLOYMENT_TARGET = 15.2;
				LD_RUNPATH_SEARCH_PATHS = (
					"$(inherited)",
					"@executable_path/Frameworks",
					"@executable_path/../../Frameworks",
				);
				MARKETING_VERSION = 2.3.2;
				PRODUCT_BUNDLE_IDENTIFIER = com.loohp.hkbuseta.shareextension;
				PRODUCT_NAME = "$(TARGET_NAME)";
				SDKROOT = iphoneos;
				SKIP_INSTALL = YES;
				SUPPORTED_PLATFORMS = "iphoneos iphonesimulator";
				SUPPORTS_MACCATALYST = NO;
				SUPPORTS_MAC_DESIGNED_FOR_IPHONE_IPAD = YES;
				SWIFT_EMIT_LOC_STRINGS = YES;
				SWIFT_VERSION = 5.0;
				TARGETED_DEVICE_FAMILY = "1,2";
			};
			name = Debug;
		};
		8171F08D2B5D4F11005B8F6A /* Release */ = {
			isa = XCBuildConfiguration;
			buildSettings = {
				CODE_SIGN_ENTITLEMENTS = ShareExtension/ShareExtension.entitlements;
				CODE_SIGN_STYLE = Automatic;
				CURRENT_PROJECT_VERSION = 189;
				DEVELOPMENT_TEAM = 5Z2275W445;
				EXCLUDED_ARCHS = "";
				GENERATE_INFOPLIST_FILE = YES;
				INFOPLIST_FILE = shareextension/Info.plist;
				INFOPLIST_KEY_CFBundleDisplayName = shareextension;
				INFOPLIST_KEY_NSHumanReadableCopyright = "";
				IPHONEOS_DEPLOYMENT_TARGET = 15.2;
				LD_RUNPATH_SEARCH_PATHS = (
					"$(inherited)",
					"@executable_path/Frameworks",
					"@executable_path/../../Frameworks",
				);
				MARKETING_VERSION = 2.3.2;
				PRODUCT_BUNDLE_IDENTIFIER = com.loohp.hkbuseta.shareextension;
				PRODUCT_NAME = "$(TARGET_NAME)";
				SDKROOT = iphoneos;
				SKIP_INSTALL = YES;
				SUPPORTED_PLATFORMS = "iphoneos iphonesimulator";
				SUPPORTS_MACCATALYST = NO;
				SUPPORTS_MAC_DESIGNED_FOR_IPHONE_IPAD = YES;
				SWIFT_EMIT_LOC_STRINGS = YES;
				SWIFT_VERSION = 5.0;
				TARGETED_DEVICE_FAMILY = "1,2";
				VALIDATE_PRODUCT = YES;
			};
			name = Release;
		};
		81D16AC22B33C21F003D9817 /* Debug */ = {
			isa = XCBuildConfiguration;
			buildSettings = {
				ALWAYS_SEARCH_USER_PATHS = NO;
				ARCHS = "$(ARCHS_STANDARD)";
				ASSETCATALOG_COMPILER_GENERATE_SWIFT_ASSET_SYMBOL_EXTENSIONS = YES;
				CLANG_ANALYZER_NONNULL = YES;
				CLANG_ANALYZER_NUMBER_OBJECT_CONVERSION = YES_AGGRESSIVE;
				CLANG_CXX_LANGUAGE_STANDARD = "gnu++20";
				CLANG_ENABLE_MODULES = YES;
				CLANG_ENABLE_OBJC_ARC = YES;
				CLANG_ENABLE_OBJC_WEAK = YES;
				CLANG_WARN_BLOCK_CAPTURE_AUTORELEASING = YES;
				CLANG_WARN_BOOL_CONVERSION = YES;
				CLANG_WARN_COMMA = YES;
				CLANG_WARN_CONSTANT_CONVERSION = YES;
				CLANG_WARN_DEPRECATED_OBJC_IMPLEMENTATIONS = YES;
				CLANG_WARN_DIRECT_OBJC_ISA_USAGE = YES_ERROR;
				CLANG_WARN_DOCUMENTATION_COMMENTS = YES;
				CLANG_WARN_EMPTY_BODY = YES;
				CLANG_WARN_ENUM_CONVERSION = YES;
				CLANG_WARN_INFINITE_RECURSION = YES;
				CLANG_WARN_INT_CONVERSION = YES;
				CLANG_WARN_NON_LITERAL_NULL_CONVERSION = YES;
				CLANG_WARN_OBJC_IMPLICIT_RETAIN_SELF = YES;
				CLANG_WARN_OBJC_LITERAL_CONVERSION = YES;
				CLANG_WARN_OBJC_ROOT_CLASS = YES_ERROR;
				CLANG_WARN_QUOTED_INCLUDE_IN_FRAMEWORK_HEADER = YES;
				CLANG_WARN_RANGE_LOOP_ANALYSIS = YES;
				CLANG_WARN_STRICT_PROTOTYPES = YES;
				CLANG_WARN_SUSPICIOUS_MOVE = YES;
				CLANG_WARN_UNGUARDED_AVAILABILITY = YES_AGGRESSIVE;
				CLANG_WARN_UNREACHABLE_CODE = YES;
				CLANG_WARN__DUPLICATE_METHOD_MATCH = YES;
				COPY_PHASE_STRIP = NO;
				DEBUG_INFORMATION_FORMAT = dwarf;
				ENABLE_STRICT_OBJC_MSGSEND = YES;
				ENABLE_TESTABILITY = YES;
				ENABLE_USER_SCRIPT_SANDBOXING = YES;
				EXCLUDED_ARCHS = "";
				GCC_C_LANGUAGE_STANDARD = gnu17;
				GCC_DYNAMIC_NO_PIC = NO;
				GCC_NO_COMMON_BLOCKS = YES;
				GCC_OPTIMIZATION_LEVEL = 0;
				GCC_PREPROCESSOR_DEFINITIONS = (
					"DEBUG=1",
					"$(inherited)",
				);
				GCC_WARN_64_TO_32_BIT_CONVERSION = YES;
				GCC_WARN_ABOUT_RETURN_TYPE = YES_ERROR;
				GCC_WARN_UNDECLARED_SELECTOR = YES;
				GCC_WARN_UNINITIALIZED_AUTOS = YES_AGGRESSIVE;
				GCC_WARN_UNUSED_FUNCTION = YES;
				GCC_WARN_UNUSED_VARIABLE = YES;
				LOCALIZATION_PREFERS_STRING_CATALOGS = YES;
				MTL_ENABLE_DEBUG_INFO = INCLUDE_SOURCE;
				MTL_FAST_MATH = YES;
				ONLY_ACTIVE_ARCH = YES;
				SDKROOT = watchos;
				SWIFT_ACTIVE_COMPILATION_CONDITIONS = "DEBUG $(inherited)";
				SWIFT_OPTIMIZATION_LEVEL = "-Onone";
				WATCHOS_DEPLOYMENT_TARGET = 10.2;
			};
			name = Debug;
		};
		81D16AC32B33C21F003D9817 /* Release */ = {
			isa = XCBuildConfiguration;
			buildSettings = {
				ALWAYS_SEARCH_USER_PATHS = NO;
				ARCHS = "$(ARCHS_STANDARD)";
				ASSETCATALOG_COMPILER_GENERATE_SWIFT_ASSET_SYMBOL_EXTENSIONS = YES;
				CLANG_ANALYZER_NONNULL = YES;
				CLANG_ANALYZER_NUMBER_OBJECT_CONVERSION = YES_AGGRESSIVE;
				CLANG_CXX_LANGUAGE_STANDARD = "gnu++20";
				CLANG_ENABLE_MODULES = YES;
				CLANG_ENABLE_OBJC_ARC = YES;
				CLANG_ENABLE_OBJC_WEAK = YES;
				CLANG_WARN_BLOCK_CAPTURE_AUTORELEASING = YES;
				CLANG_WARN_BOOL_CONVERSION = YES;
				CLANG_WARN_COMMA = YES;
				CLANG_WARN_CONSTANT_CONVERSION = YES;
				CLANG_WARN_DEPRECATED_OBJC_IMPLEMENTATIONS = YES;
				CLANG_WARN_DIRECT_OBJC_ISA_USAGE = YES_ERROR;
				CLANG_WARN_DOCUMENTATION_COMMENTS = YES;
				CLANG_WARN_EMPTY_BODY = YES;
				CLANG_WARN_ENUM_CONVERSION = YES;
				CLANG_WARN_INFINITE_RECURSION = YES;
				CLANG_WARN_INT_CONVERSION = YES;
				CLANG_WARN_NON_LITERAL_NULL_CONVERSION = YES;
				CLANG_WARN_OBJC_IMPLICIT_RETAIN_SELF = YES;
				CLANG_WARN_OBJC_LITERAL_CONVERSION = YES;
				CLANG_WARN_OBJC_ROOT_CLASS = YES_ERROR;
				CLANG_WARN_QUOTED_INCLUDE_IN_FRAMEWORK_HEADER = YES;
				CLANG_WARN_RANGE_LOOP_ANALYSIS = YES;
				CLANG_WARN_STRICT_PROTOTYPES = YES;
				CLANG_WARN_SUSPICIOUS_MOVE = YES;
				CLANG_WARN_UNGUARDED_AVAILABILITY = YES_AGGRESSIVE;
				CLANG_WARN_UNREACHABLE_CODE = YES;
				CLANG_WARN__DUPLICATE_METHOD_MATCH = YES;
				COPY_PHASE_STRIP = NO;
				DEBUG_INFORMATION_FORMAT = "dwarf-with-dsym";
				ENABLE_NS_ASSERTIONS = NO;
				ENABLE_STRICT_OBJC_MSGSEND = YES;
				ENABLE_USER_SCRIPT_SANDBOXING = YES;
				EXCLUDED_ARCHS = arm64;
				GCC_C_LANGUAGE_STANDARD = gnu17;
				GCC_NO_COMMON_BLOCKS = YES;
				GCC_WARN_64_TO_32_BIT_CONVERSION = YES;
				GCC_WARN_ABOUT_RETURN_TYPE = YES_ERROR;
				GCC_WARN_UNDECLARED_SELECTOR = YES;
				GCC_WARN_UNINITIALIZED_AUTOS = YES_AGGRESSIVE;
				GCC_WARN_UNUSED_FUNCTION = YES;
				GCC_WARN_UNUSED_VARIABLE = YES;
				LOCALIZATION_PREFERS_STRING_CATALOGS = YES;
				MTL_ENABLE_DEBUG_INFO = NO;
				MTL_FAST_MATH = YES;
				SDKROOT = watchos;
				SWIFT_COMPILATION_MODE = wholemodule;
				WATCHOS_DEPLOYMENT_TARGET = 10.2;
			};
			name = Release;
		};
		81D16AC52B33C21F003D9817 /* Debug */ = {
			isa = XCBuildConfiguration;
			buildSettings = {
				ALWAYS_EMBED_SWIFT_STANDARD_LIBRARIES = YES;
				ARCHS = "$(ARCHS_STANDARD)";
				ASSETCATALOG_COMPILER_APPICON_NAME = AppIcon;
				ASSETCATALOG_COMPILER_GLOBAL_ACCENT_COLOR_NAME = AccentColor;
				CODE_SIGN_ENTITLEMENTS = "hkbuseta Watch App/hkbuseta Watch App.entitlements";
				CODE_SIGN_IDENTITY = "Apple Development";
				CODE_SIGN_STYLE = Automatic;
				CURRENT_PROJECT_VERSION = 189;
				DEVELOPMENT_ASSET_PATHS = "\"hkbuseta Watch App/Preview Content\"";
				DEVELOPMENT_TEAM = 5Z2275W445;
				ENABLE_PREVIEWS = YES;
				ENABLE_USER_SCRIPT_SANDBOXING = NO;
				EXCLUDED_ARCHS = "";
				FRAMEWORK_SEARCH_PATHS = "$(SRCROOT)/../shared/build/xcode-frameworks/$(CONFIGURATION)/$(SDK_NAME)";
				GENERATE_INFOPLIST_FILE = YES;
				INFOPLIST_FILE = "hkbuseta Watch App/Info.plist";
				INFOPLIST_KEY_NSLocationWhenInUseUsageDescription = "";
				INFOPLIST_KEY_UISupportedInterfaceOrientations = "UIInterfaceOrientationPortrait UIInterfaceOrientationPortraitUpsideDown";
				INFOPLIST_KEY_WKCompanionAppBundleIdentifier = com.loohp.hkbuseta;
				INFOPLIST_KEY_WKRunsIndependentlyOfCompanionApp = YES;
				LD_MAP_FILE_PATH = "$(SRCROOT)/../shared/build/xcode-frameworks/$(CONFIGURATION)/$(SDK_NAME)";
				LD_RUNPATH_SEARCH_PATHS = (
					"$(inherited)",
					"@executable_path/Frameworks",
				);
				MARKETING_VERSION = 2.3.2;
				OTHER_LDFLAGS = "-ObjC";
				PRODUCT_BUNDLE_IDENTIFIER = com.loohp.hkbuseta.watchkitapp;
				PRODUCT_NAME = HKBusETA;
				PROVISIONING_PROFILE_SPECIFIER = "";
				SDKROOT = watchos;
				SKIP_INSTALL = YES;
				SWIFT_EMIT_LOC_STRINGS = YES;
				SWIFT_VERSION = 5.0;
				TARGETED_DEVICE_FAMILY = 4;
				WATCHOS_DEPLOYMENT_TARGET = 8.5;
			};
			name = Debug;
		};
		81D16AC62B33C21F003D9817 /* Release */ = {
			isa = XCBuildConfiguration;
			buildSettings = {
				ALWAYS_EMBED_SWIFT_STANDARD_LIBRARIES = YES;
				ARCHS = "$(ARCHS_STANDARD)";
				ASSETCATALOG_COMPILER_APPICON_NAME = AppIcon;
				ASSETCATALOG_COMPILER_GLOBAL_ACCENT_COLOR_NAME = AccentColor;
				CODE_SIGN_ENTITLEMENTS = "hkbuseta Watch App/hkbuseta Watch App.entitlements";
				CODE_SIGN_IDENTITY = "Apple Development";
				CODE_SIGN_STYLE = Automatic;
				CURRENT_PROJECT_VERSION = 189;
				DEVELOPMENT_ASSET_PATHS = "\"hkbuseta Watch App/Preview Content\"";
				DEVELOPMENT_TEAM = 5Z2275W445;
				ENABLE_PREVIEWS = YES;
				ENABLE_USER_SCRIPT_SANDBOXING = NO;
				EXCLUDED_ARCHS = arm64;
				FRAMEWORK_SEARCH_PATHS = "$(SRCROOT)/../shared/build/xcode-frameworks/$(CONFIGURATION)/$(SDK_NAME)";
				GENERATE_INFOPLIST_FILE = YES;
				INFOPLIST_FILE = "hkbuseta Watch App/Info.plist";
				INFOPLIST_KEY_NSLocationWhenInUseUsageDescription = "";
				INFOPLIST_KEY_UISupportedInterfaceOrientations = "UIInterfaceOrientationPortrait UIInterfaceOrientationPortraitUpsideDown";
				INFOPLIST_KEY_WKCompanionAppBundleIdentifier = com.loohp.hkbuseta;
				INFOPLIST_KEY_WKRunsIndependentlyOfCompanionApp = YES;
				LD_MAP_FILE_PATH = "$(SRCROOT)/../shared/build/xcode-frameworks/$(CONFIGURATION)/$(SDK_NAME)";
				LD_RUNPATH_SEARCH_PATHS = (
					"$(inherited)",
					"@executable_path/Frameworks",
				);
				MARKETING_VERSION = 2.3.2;
				OTHER_LDFLAGS = "-ObjC";
				PRODUCT_BUNDLE_IDENTIFIER = com.loohp.hkbuseta.watchkitapp;
				PRODUCT_NAME = HKBusETA;
				PROVISIONING_PROFILE_SPECIFIER = "";
				SDKROOT = watchos;
				SKIP_INSTALL = YES;
				SWIFT_EMIT_LOC_STRINGS = YES;
				SWIFT_VERSION = 5.0;
				TARGETED_DEVICE_FAMILY = 4;
				VALIDATE_PRODUCT = YES;
				WATCHOS_DEPLOYMENT_TARGET = 8.5;
			};
			name = Release;
		};
		81DF85332BD157DC00248852 /* Debug */ = {
			isa = XCBuildConfiguration;
			buildSettings = {
				ASSETCATALOG_COMPILER_GLOBAL_ACCENT_COLOR_NAME = AccentColor;
				ASSETCATALOG_COMPILER_WIDGET_BACKGROUND_COLOR_NAME = WidgetBackground;
				CODE_SIGN_ENTITLEMENTS = FavouriteRoutesWidgetExtensionExtension.entitlements;
				CODE_SIGN_STYLE = Automatic;
				CURRENT_PROJECT_VERSION = 189;
				DEVELOPMENT_TEAM = 5Z2275W445;
				GENERATE_INFOPLIST_FILE = YES;
				INFOPLIST_FILE = FavouriteRoutesWidgetExtension/Info.plist;
				INFOPLIST_KEY_CFBundleDisplayName = FavouriteRoutesWidgetExtension;
				INFOPLIST_KEY_NSHumanReadableCopyright = "";
				IPHONEOS_DEPLOYMENT_TARGET = 17.0;
				LD_RUNPATH_SEARCH_PATHS = (
					"$(inherited)",
					"@executable_path/Frameworks",
					"@executable_path/../../Frameworks",
				);
				MARKETING_VERSION = 2.3.2;
				PRODUCT_BUNDLE_IDENTIFIER = com.loohp.hkbuseta.FavouriteRoutesWidgetExtension;
				PRODUCT_NAME = "$(TARGET_NAME)";
				SDKROOT = iphoneos;
				SKIP_INSTALL = YES;
				SWIFT_EMIT_LOC_STRINGS = YES;
				SWIFT_VERSION = 5.0;
				TARGETED_DEVICE_FAMILY = "1,2";
			};
			name = Debug;
		};
		81DF85342BD157DC00248852 /* Release */ = {
			isa = XCBuildConfiguration;
			buildSettings = {
				ASSETCATALOG_COMPILER_GLOBAL_ACCENT_COLOR_NAME = AccentColor;
				ASSETCATALOG_COMPILER_WIDGET_BACKGROUND_COLOR_NAME = WidgetBackground;
				CODE_SIGN_ENTITLEMENTS = FavouriteRoutesWidgetExtensionExtension.entitlements;
				CODE_SIGN_STYLE = Automatic;
				CURRENT_PROJECT_VERSION = 189;
				DEVELOPMENT_TEAM = 5Z2275W445;
				EXCLUDED_ARCHS = "";
				GENERATE_INFOPLIST_FILE = YES;
				INFOPLIST_FILE = FavouriteRoutesWidgetExtension/Info.plist;
				INFOPLIST_KEY_CFBundleDisplayName = FavouriteRoutesWidgetExtension;
				INFOPLIST_KEY_NSHumanReadableCopyright = "";
				IPHONEOS_DEPLOYMENT_TARGET = 17.0;
				LD_RUNPATH_SEARCH_PATHS = (
					"$(inherited)",
					"@executable_path/Frameworks",
					"@executable_path/../../Frameworks",
				);
				MARKETING_VERSION = 2.3.2;
				PRODUCT_BUNDLE_IDENTIFIER = com.loohp.hkbuseta.FavouriteRoutesWidgetExtension;
				PRODUCT_NAME = "$(TARGET_NAME)";
				SDKROOT = iphoneos;
				SKIP_INSTALL = YES;
				SWIFT_EMIT_LOC_STRINGS = YES;
				SWIFT_VERSION = 5.0;
				TARGETED_DEVICE_FAMILY = "1,2";
				VALIDATE_PRODUCT = YES;
			};
			name = Release;
		};
/* End XCBuildConfiguration section */

/* Begin XCConfigurationList section */
		81498D1B2B7EAD23005F0961 /* Build configuration list for PBXNativeTarget "AlightReminderLiveActivityExtension" */ = {
			isa = XCConfigurationList;
			buildConfigurations = (
				81498D1C2B7EAD23005F0961 /* Debug */,
				81498D1D2B7EAD23005F0961 /* Release */,
			);
			defaultConfigurationIsVisible = 0;
			defaultConfigurationName = Release;
		};
		8171F0282B52EC4F005B8F6A /* Build configuration list for PBXNativeTarget "TilesWidgetExtension" */ = {
			isa = XCConfigurationList;
			buildConfigurations = (
				8171F0292B52EC4F005B8F6A /* Debug */,
				8171F02A2B52EC4F005B8F6A /* Release */,
			);
			defaultConfigurationIsVisible = 0;
			defaultConfigurationName = Release;
		};
		8171F06F2B5C81F4005B8F6A /* Build configuration list for PBXNativeTarget "HKBusETA Phone App" */ = {
			isa = XCConfigurationList;
			buildConfigurations = (
				8171F0702B5C81F4005B8F6A /* Debug */,
				8171F0712B5C81F4005B8F6A /* Release */,
			);
			defaultConfigurationIsVisible = 0;
			defaultConfigurationName = Release;
		};
		8171F08B2B5D4F11005B8F6A /* Build configuration list for PBXNativeTarget "ShareExtension" */ = {
			isa = XCConfigurationList;
			buildConfigurations = (
				8171F08C2B5D4F11005B8F6A /* Debug */,
				8171F08D2B5D4F11005B8F6A /* Release */,
			);
			defaultConfigurationIsVisible = 0;
			defaultConfigurationName = Release;
		};
		81D16AAB2B33C21D003D9817 /* Build configuration list for PBXProject "iOSApp" */ = {
			isa = XCConfigurationList;
			buildConfigurations = (
				81D16AC22B33C21F003D9817 /* Debug */,
				81D16AC32B33C21F003D9817 /* Release */,
			);
			defaultConfigurationIsVisible = 0;
			defaultConfigurationName = Release;
		};
		81D16AC42B33C21F003D9817 /* Build configuration list for PBXNativeTarget "HKBusETA Watch App" */ = {
			isa = XCConfigurationList;
			buildConfigurations = (
				81D16AC52B33C21F003D9817 /* Debug */,
				81D16AC62B33C21F003D9817 /* Release */,
			);
			defaultConfigurationIsVisible = 0;
			defaultConfigurationName = Release;
		};
		81DF85322BD157DC00248852 /* Build configuration list for PBXNativeTarget "FavouriteRoutesWidgetExtensionExtension" */ = {
			isa = XCConfigurationList;
			buildConfigurations = (
				81DF85332BD157DC00248852 /* Debug */,
				81DF85342BD157DC00248852 /* Release */,
			);
			defaultConfigurationIsVisible = 0;
			defaultConfigurationName = Release;
		};
/* End XCConfigurationList section */

/* Begin XCRemoteSwiftPackageReference section */
		81498CE62B7AF648005F0961 /* XCRemoteSwiftPackageReference "MKZoomLevel" */ = {
			isa = XCRemoteSwiftPackageReference;
			repositoryURL = "https://github.com/stleamist/MKZoomLevel.git";
			requirement = {
				kind = upToNextMajorVersion;
				minimumVersion = 1.2.0;
			};
		};
		81812AB12B48CA000060A30B /* XCRemoteSwiftPackageReference "firebase-ios-sdk" */ = {
			isa = XCRemoteSwiftPackageReference;
			repositoryURL = "https://github.com/firebase/firebase-ios-sdk";
			requirement = {
				kind = upToNextMajorVersion;
				minimumVersion = 10.19.1;
			};
		};
		818FD0292B45C917008EE8AB /* XCRemoteSwiftPackageReference "GzipSwift" */ = {
			isa = XCRemoteSwiftPackageReference;
			repositoryURL = "https://github.com/1024jp/GzipSwift";
			requirement = {
				kind = upToNextMajorVersion;
				minimumVersion = 6.0.1;
			};
		};
		81D16AFC2B34982B003D9817 /* XCRemoteSwiftPackageReference "KMP-NativeCoroutines" */ = {
			isa = XCRemoteSwiftPackageReference;
			repositoryURL = "https://github.com/rickclephas/KMP-NativeCoroutines.git";
			requirement = {
				branch = master;
				kind = branch;
			};
		};
/* End XCRemoteSwiftPackageReference section */

/* Begin XCSwiftPackageProductDependency section */
		811F95D32B78DEF300FC30D6 /* Gzip */ = {
			isa = XCSwiftPackageProductDependency;
			package = 818FD0292B45C917008EE8AB /* XCRemoteSwiftPackageReference "GzipSwift" */;
			productName = Gzip;
		};
		811F95D72B7918B700FC30D6 /* FirebaseAnalytics */ = {
			isa = XCSwiftPackageProductDependency;
			package = 81812AB12B48CA000060A30B /* XCRemoteSwiftPackageReference "firebase-ios-sdk" */;
			productName = FirebaseAnalytics;
		};
		81812AB22B48CA000060A30B /* FirebaseAnalytics */ = {
			isa = XCSwiftPackageProductDependency;
			package = 81812AB12B48CA000060A30B /* XCRemoteSwiftPackageReference "firebase-ios-sdk" */;
			productName = FirebaseAnalytics;
		};
		81812AB42B48CA000060A30B /* FirebaseAnalyticsOnDeviceConversion */ = {
			isa = XCSwiftPackageProductDependency;
			package = 81812AB12B48CA000060A30B /* XCRemoteSwiftPackageReference "firebase-ios-sdk" */;
			productName = FirebaseAnalyticsOnDeviceConversion;
		};
		81812AB62B48CA000060A30B /* FirebaseAnalyticsSwift */ = {
			isa = XCSwiftPackageProductDependency;
			package = 81812AB12B48CA000060A30B /* XCRemoteSwiftPackageReference "firebase-ios-sdk" */;
			productName = FirebaseAnalyticsSwift;
		};
		81812AB82B48CA000060A30B /* FirebaseAnalyticsWithoutAdIdSupport */ = {
			isa = XCSwiftPackageProductDependency;
			package = 81812AB12B48CA000060A30B /* XCRemoteSwiftPackageReference "firebase-ios-sdk" */;
			productName = FirebaseAnalyticsWithoutAdIdSupport;
		};
		81812ABA2B48CA000060A30B /* FirebaseAppCheck */ = {
			isa = XCSwiftPackageProductDependency;
			package = 81812AB12B48CA000060A30B /* XCRemoteSwiftPackageReference "firebase-ios-sdk" */;
			productName = FirebaseAppCheck;
		};
		818FD02A2B45C917008EE8AB /* Gzip */ = {
			isa = XCSwiftPackageProductDependency;
			package = 818FD0292B45C917008EE8AB /* XCRemoteSwiftPackageReference "GzipSwift" */;
			productName = Gzip;
		};
/* End XCSwiftPackageProductDependency section */
	};
	rootObject = 81D16AA82B33C21D003D9817 /* Project object */;
}
